
Microsoft Visual Studio Solution File, Format Version 12.00
# Visual Studio Version 17
VisualStudioVersion = 17.2.32526.322
MinimumVisualStudioVersion = 10.0.40219.1
Project("{9A19103F-16F7-4668-BE54-9A1E7A4F7556}") = "Db", "Db\Db.csproj", "{19C63F20-4A3E-4940-B1AD-7738FC122D8A}"
EndProject
Project("{2150E333-8FDC-42A3-9474-1A3956D46DE8}") = "Mods", "Mods", "{BD40DC83-A430-4EDE-A10E-B140AB41262C}"
EndProject
Project("{9A19103F-16F7-4668-BE54-9A1E7A4F7556}") = "Mod.Product.Base", "Mod.Product.Base\Mod.Product.Base.csproj", "{8CC6933E-5C8F-4A1D-A02E-649032F3106F}"
EndProject
Project("{2150E333-8FDC-42A3-9474-1A3956D46DE8}") = "Product", "Product", "{B717C5FC-1805-444C-B738-8A60E36AB082}"
EndProject
Project("{2150E333-8FDC-42A3-9474-1A3956D46DE8}") = "Core", "Core", "{DBC49839-EE99-46F5-93B6-5EEC62C622EB}"
EndProject
Project("{9A19103F-16F7-4668-BE54-9A1E7A4F7556}") = "Core.Base", "Core.Base\Core.Base.csproj", "{1401F1B2-2644-4B78-B399-BFC4EA300FF4}"
EndProject
Project("{2150E333-8FDC-42A3-9474-1A3956D46DE8}") = "Infrastructure", "Infrastructure", "{FFCA0B17-8EE4-4FE0-8735-CD77E7426268}"
EndProject
Project("{9A19103F-16F7-4668-BE54-9A1E7A4F7556}") = "Services", "Services\Services.csproj", "{ABC33129-0E38-4B9E-BE92-E447BC24507A}"
EndProject
Project("{9A19103F-16F7-4668-BE54-9A1E7A4F7556}") = "Interfaces", "Interfaces\Interfaces.csproj", "{EB555837-B3C4-48A9-BBF4-8B54BA62F1A0}"
EndProject
Project("{2150E333-8FDC-42A3-9474-1A3956D46DE8}") = "Tests", "Tests", "{56CD8604-3621-41CD-80A9-41BC131FBF82}"
EndProject
Project("{2150E333-8FDC-42A3-9474-1A3956D46DE8}") = "Services", "Services", "{35D1103F-1844-40BF-9034-ED54CD2A4553}"
EndProject
Project("{2150E333-8FDC-42A3-9474-1A3956D46DE8}") = "Integration", "Integration", "{1950A7EB-C866-4978-9F9C-FFAB5A8AB217}"
EndProject
Project("{9A19103F-16F7-4668-BE54-9A1E7A4F7556}") = "ProductApiTest", "ProductApiTest\ProductApiTest.csproj", "{A58882A6-AAE2-4801-BAD5-EDCA5767C6A1}"
EndProject
Project("{2150E333-8FDC-42A3-9474-1A3956D46DE8}") = "Apps", "Apps", "{5F28A828-E427-4F6E-BF99-7B42746B0051}"
	ProjectSection(SolutionItems) = preProject
		docker-compose.yml = docker-compose.yml
		ReadMe.md = ReadMe.md
	EndProjectSection
EndProject
Project("{2150E333-8FDC-42A3-9474-1A3956D46DE8}") = "Data", "Data", "{5B60B5A2-B1FB-4DF1-8CE3-95C12617276F}"
EndProject
Project("{9A19103F-16F7-4668-BE54-9A1E7A4F7556}") = "Mod.Product.Interfaces", "Mod.Product.Interfaces\Mod.Product.Interfaces.csproj", "{0F74478F-EFEA-4666-86AE-62ED6021F57D}"
EndProject
Project("{9A19103F-16F7-4668-BE54-9A1E7A4F7556}") = "Mod.Product.Models", "Mod.Product.Models\Mod.Product.Models.csproj", "{9895115C-EE79-4061-AA7E-3B64E5A46564}"
EndProject
Project("{9A19103F-16F7-4668-BE54-9A1E7A4F7556}") = "Mod.Product.Services", "Mod.Product.Services\Mod.Product.Services.csproj", "{F009D5AF-CBED-43AA-9D4D-28BEF851CE04}"
EndProject
Project("{2150E333-8FDC-42A3-9474-1A3956D46DE8}") = "Order", "Order", "{31D9BC59-2D5A-4591-9D27-8BF17952562C}"
EndProject
Project("{9A19103F-16F7-4668-BE54-9A1E7A4F7556}") = "Mod.Order.Base", "Mod.Order.Base\Mod.Order.Base.csproj", "{B487C548-1809-4B7A-9220-74B20A3F65E8}"
EndProject
Project("{9A19103F-16F7-4668-BE54-9A1E7A4F7556}") = "Mod.Order.Interfaces", "Mod.Order.Interfaces\Mod.Order.Interfaces.csproj", "{F64DF75D-393B-4673-83BB-D2F36C0678B0}"
EndProject
Project("{9A19103F-16F7-4668-BE54-9A1E7A4F7556}") = "Mod.Order.Services", "Mod.Order.Services\Mod.Order.Services.csproj", "{8058CAE7-DFAF-44EF-AA49-C16FC1F18BEA}"
EndProject
Project("{9A19103F-16F7-4668-BE54-9A1E7A4F7556}") = "Mod.Order.Models", "Mod.Order.Models\Mod.Order.Models.csproj", "{59CD0485-0295-4B80-804B-0868E18E9ADC}"
EndProject
Project("{2150E333-8FDC-42A3-9474-1A3956D46DE8}") = "Event-Sourcing-Train", "Event-Sourcing-Train", "{C118E2BF-56A6-440D-B15D-FE42E09FE761}"
EndProject
Project("{9A19103F-16F7-4668-BE54-9A1E7A4F7556}") = "EventTrain", "EventTrain\EventTrain.csproj", "{4BC4FFBC-4C1F-49B6-88DD-30B747DE8A00}"
EndProject
Project("{9A19103F-16F7-4668-BE54-9A1E7A4F7556}") = "EventStore", "EventStore\EventStore.csproj", "{DB5DC130-4B5E-40A3-BDBF-F29AB5E535B5}"
EndProject
Project("{2150E333-8FDC-42A3-9474-1A3956D46DE8}") = "WareHouseProduct", "WareHouseProduct", "{D3422CF3-ED12-49F9-8B33-C505674B5588}"
EndProject
Project("{9A19103F-16F7-4668-BE54-9A1E7A4F7556}") = "Mod.WareHouseProduct.Base", "Mod.WareHouseProduct.Base\Mod.WareHouseProduct.Base.csproj", "{23B1D4AE-98C6-4D7B-8F3C-220264DCE17F}"
EndProject
Project("{9A19103F-16F7-4668-BE54-9A1E7A4F7556}") = "Mod.WareHouseProduct.Models", "Mod.WareHouseProduct.Models\Mod.WareHouseProduct.Models.csproj", "{3E732FA1-56BD-44D4-B677-214F0A268005}"
EndProject
Project("{9A19103F-16F7-4668-BE54-9A1E7A4F7556}") = "Mod.WareHouseProduct.Interfaces", "Mod.WareHouseProduct.Interfaces\Mod.WareHouseProduct.Interfaces.csproj", "{1124B004-66AB-48EE-A02A-C888EFB7292D}"
EndProject
Project("{9A19103F-16F7-4668-BE54-9A1E7A4F7556}") = "Mod.WareHouseProduct.Services", "Mod.WareHouseProduct.Services\Mod.WareHouseProduct.Services.csproj", "{BEB4C462-D8CA-43D4-95EA-0905DCCA8CA9}"
EndProject
Project("{9A19103F-16F7-4668-BE54-9A1E7A4F7556}") = "Core.RabbitMqBase", "Core.RabbitMqBase\Core.RabbitMqBase.csproj", "{B2E69508-1FB9-4EDB-BA35-AA9D211DC11D}"
EndProject
Project("{2150E333-8FDC-42A3-9474-1A3956D46DE8}") = "Shipment", "Shipment", "{4241BC62-EDEA-4D44-BE6B-0A481C0F51F1}"
EndProject
Project("{9A19103F-16F7-4668-BE54-9A1E7A4F7556}") = "Mod.Shipment.Base", "Mod.Shipment.Base\Mod.Shipment.Base.csproj", "{960402EF-7D6B-41B4-9F8C-65D19077C6A5}"
EndProject
Project("{9A19103F-16F7-4668-BE54-9A1E7A4F7556}") = "Mod.Shipment.Interfaces", "Mod.Shipment.Interfaces\Mod.Shipment.Interfaces.csproj", "{31487B6C-0F7A-4247-99EA-380569290B9D}"
EndProject
Project("{9A19103F-16F7-4668-BE54-9A1E7A4F7556}") = "Mod.Shipment.Services", "Mod.Shipment.Services\Mod.Shipment.Services.csproj", "{21495076-FD32-459C-B76E-CD6077AD3080}"
EndProject
Project("{9A19103F-16F7-4668-BE54-9A1E7A4F7556}") = "Mod.Shipment.Models", "Mod.Shipment.Models\Mod.Shipment.Models.csproj", "{581F6A5D-EC32-4500-BCCD-E93940D92A00}"
EndProject
Project("{2150E333-8FDC-42A3-9474-1A3956D46DE8}") = "Blazor", "Blazor", "{07390A2C-8A95-4B61-884B-CA810B15AE55}"
EndProject
Project("{9A19103F-16F7-4668-BE54-9A1E7A4F7556}") = "TokenProvider", "TokenProvider\TokenProvider.csproj", "{77AB3AC9-0C9E-418E-883A-89943B178399}"
EndProject
Project("{9A19103F-16F7-4668-BE54-9A1E7A4F7556}") = "Mod.Auth.Base", "Mod.Auth.Base\Mod.Auth.Base.csproj", "{89312DB3-D46A-4D66-AC79-32AE1F37C7CD}"
EndProject
Project("{9A19103F-16F7-4668-BE54-9A1E7A4F7556}") = "Mod.Auth.Interfaces", "Mod.Auth.Interfaces\Mod.Auth.Interfaces.csproj", "{AABFF660-DB8C-4D5C-BF39-21C6EE77A13F}"
EndProject
Project("{9A19103F-16F7-4668-BE54-9A1E7A4F7556}") = "Mod.Auth.Models", "Mod.Auth.Models\Mod.Auth.Models.csproj", "{4041ED99-4B66-405F-B837-A9A6FCE2E9C4}"
EndProject
Project("{9A19103F-16F7-4668-BE54-9A1E7A4F7556}") = "Mod.Auth.Services", "Mod.Auth.Services\Mod.Auth.Services.csproj", "{505073AE-885B-4201-B47C-AC868CA372BC}"
EndProject
Project("{9A19103F-16F7-4668-BE54-9A1E7A4F7556}") = "IdentityDb", "IdentityDb\IdentityDb.csproj", "{0DCFD9B5-7C78-440E-99CB-E283E07CF330}"
EndProject
Project("{9A19103F-16F7-4668-BE54-9A1E7A4F7556}") = "Core.Auh", "Core.Auh\Core.Auh.csproj", "{AE6DBE7C-40A0-4ECD-B98D-C32AA35F3B44}"
EndProject
Project("{2150E333-8FDC-42A3-9474-1A3956D46DE8}") = "Identity", "Identity", "{2FEAD054-6C88-4CDF-A32C-34BB52CAE6D7}"
EndProject
Project("{9A19103F-16F7-4668-BE54-9A1E7A4F7556}") = "IdentityProvider.Server", "IdentityProvider\Server\IdentityProvider.Server.csproj", "{F0075FC8-8110-4077-8DF3-1639193D4A6C}"
EndProject
Project("{9A19103F-16F7-4668-BE54-9A1E7A4F7556}") = "IdentityProvider.Client", "IdentityProvider\Client\IdentityProvider.Client.csproj", "{C1D03905-01BD-49D8-8F9B-98541754E5B2}"
EndProject
Project("{9A19103F-16F7-4668-BE54-9A1E7A4F7556}") = "IdentityProvider.Shared", "IdentityProvider\Shared\IdentityProvider.Shared.csproj", "{A5258CE1-01BF-4B7F-9777-A83C5010521B}"
EndProject
Project("{2150E333-8FDC-42A3-9474-1A3956D46DE8}") = "Auth", "Auth", "{A2AD73BD-E0E0-4270-A4DA-7C57106855D9}"
EndProject
Project("{2150E333-8FDC-42A3-9474-1A3956D46DE8}") = "Pricing", "Pricing", "{092DECDD-056B-4C40-9FD6-CAF4A484FD85}"
EndProject
Project("{9A19103F-16F7-4668-BE54-9A1E7A4F7556}") = "Mod.Pricing.Interfaces", "Mod.Pricing.Interfaces\Mod.Pricing.Interfaces.csproj", "{C17516A5-18CA-4A43-A3FD-8D2A734BC56C}"
EndProject
Project("{9A19103F-16F7-4668-BE54-9A1E7A4F7556}") = "Mod.Pricing.Services", "Mod.Pricing.Services\Mod.Pricing.Services.csproj", "{7A63901B-40F6-4564-929F-687CAAB5B974}"
EndProject
Project("{9A19103F-16F7-4668-BE54-9A1E7A4F7556}") = "Mod.Pricing.Models", "Mod.Pricing.Models\Mod.Pricing.Models.csproj", "{21285B46-1ABF-42D7-B24F-159634A55564}"
EndProject
Project("{9A19103F-16F7-4668-BE54-9A1E7A4F7556}") = "Mod.Pricing.ViewModels", "Mod.Pricing.ViewModels\Mod.Pricing.ViewModels.csproj", "{DDB04BBF-85C6-4BDE-842E-5CC24DF34FEA}"
EndProject
Project("{9A19103F-16F7-4668-BE54-9A1E7A4F7556}") = "Mod.Product.ViewData", "Mod.Product.ViewData\Mod.Product.ViewData.csproj", "{4F25FBB4-FB28-4343-A0B9-217D9B84BDF1}"
EndProject
Project("{9A19103F-16F7-4668-BE54-9A1E7A4F7556}") = "Mod.Pricing.Base", "Mod.Pricing.Base\Mod.Pricing.Base.csproj", "{ED22BAB8-F92A-4857-92E6-55CE9BACF125}"
EndProject
Project("{9A19103F-16F7-4668-BE54-9A1E7A4F7556}") = "RedisCache", "RedisCache\RedisCache.csproj", "{FFA1FAA1-D83C-49FC-B325-214822D3CDBC}"
EndProject
Project("{9A19103F-16F7-4668-BE54-9A1E7A4F7556}") = "ProductWebAPI", "ProductWebAPI\ProductWebAPI.csproj", "{74931C80-399D-4C79-BDB5-86CD3165815C}"
EndProject
Project("{FAE04EC0-301F-11D3-BF4B-00C04F79EFBC}") = "docker-compose", "docker-compose.dcproj", "{0726C80A-F9D5-412D-85AE-FDEFB90E80C4}"
EndProject
Project("{FAE04EC0-301F-11D3-BF4B-00C04F79EFBC}") = "kub", "kub.dcproj", "{71E1581F-8CE0-4180-BEBC-E4EAE3AA039D}"
EndProject
Project("{2150E333-8FDC-42A3-9474-1A3956D46DE8}") = "Pooper", "Pooper", "{6D802902-D4CC-45AC-A4AC-511336650BF4}"
EndProject
Project("{9A19103F-16F7-4668-BE54-9A1E7A4F7556}") = "Mod.Pooper.Base", "Mod.Pooper.Base\Mod.Pooper.Base.csproj", "{961CFDE2-9AC8-4E96-BA45-FA17A0EF223D}"
EndProject
Project("{9A19103F-16F7-4668-BE54-9A1E7A4F7556}") = "Mod.Pooper.Models", "Mod.Pooper.Models\Mod.Pooper.Models.csproj", "{48EC26CF-04C1-46AA-AF17-73CDE359A5EB}"
EndProject
Project("{9A19103F-16F7-4668-BE54-9A1E7A4F7556}") = "Mod.Pooper.Interfaces", "Mod.Pooper.Interfaces\Mod.Pooper.Interfaces.csproj", "{3A40EC60-57F4-4809-B956-3118FA7ADADC}"
EndProject
Project("{9A19103F-16F7-4668-BE54-9A1E7A4F7556}") = "Mod.Pooper.Services", "Mod.Pooper.Services\Mod.Pooper.Services.csproj", "{A99B5873-1EF7-4515-A364-88E7D9B11E5A}"
EndProject
Project("{9A19103F-16F7-4668-BE54-9A1E7A4F7556}") = "Mod.Pooper.VIewData", "Mod.Pooper.VIewData\Mod.Pooper.VIewData.csproj", "{6BD8094E-13A6-4BB1-8538-3BDFEAF4EE11}"
EndProject
Project("{9A19103F-16F7-4668-BE54-9A1E7A4F7556}") = "TestProject1", "TestProject1\TestProject1.csproj", "{286F70A4-5027-4631-9044-3119AB5B4F4B}"
EndProject
Project("{9A19103F-16F7-4668-BE54-9A1E7A4F7556}") = "Core.Transfer", "Core.Transfer\Core.Transfer.csproj", "{69F19231-FAFC-4514-ACE1-9F5D9187FD02}"
EndProject
Project("{9A19103F-16F7-4668-BE54-9A1E7A4F7556}") = "ClientLibrary", "ClientLibrary\ClientLibrary.csproj", "{A6CFF9B7-36C2-437F-B296-443BD263F6F5}"
EndProject
Project("{2150E333-8FDC-42A3-9474-1A3956D46DE8}") = "ClientLibraries", "ClientLibraries", "{5DF5754B-515E-4584-8EF2-49A0E77B4B12}"
EndProject
Project("{9A19103F-16F7-4668-BE54-9A1E7A4F7556}") = "BaseClientLibrary", "BaseClientLibrary\BaseClientLibrary.csproj", "{F8EF1468-8373-4F42-B5DD-BF6C428296C2}"
EndProject
Project("{2150E333-8FDC-42A3-9474-1A3956D46DE8}") = "Utils", "Utils", "{326E1D55-FD78-49E8-8037-D6856C53AB41}"
EndProject
Project("{9A19103F-16F7-4668-BE54-9A1E7A4F7556}") = "Mod.Product.Root", "Mod.Product.Root\Mod.Product.Root.csproj", "{4406B416-9634-483F-9E94-20E645CD2D3F}"
EndProject
Project("{9A19103F-16F7-4668-BE54-9A1E7A4F7556}") = "Mod.Auth.Root", "Mod.Auth.Root\Mod.Auth.Root.csproj", "{8F488F19-8FC8-460B-BACC-63E09070CC80}"
EndProject
Project("{9A19103F-16F7-4668-BE54-9A1E7A4F7556}") = "DataBaseCommon", "DataBaseCommon\DataBaseCommon.csproj", "{2581E871-D0B7-4078-9B0F-14E0813BFC31}"
EndProject
Global
	GlobalSection(SolutionConfigurationPlatforms) = preSolution
		Debug|Any CPU = Debug|Any CPU
		Release|Any CPU = Release|Any CPU
	EndGlobalSection
	GlobalSection(ProjectConfigurationPlatforms) = postSolution
		{19C63F20-4A3E-4940-B1AD-7738FC122D8A}.Debug|Any CPU.ActiveCfg = Debug|Any CPU
		{19C63F20-4A3E-4940-B1AD-7738FC122D8A}.Debug|Any CPU.Build.0 = Debug|Any CPU
		{19C63F20-4A3E-4940-B1AD-7738FC122D8A}.Release|Any CPU.ActiveCfg = Release|Any CPU
		{19C63F20-4A3E-4940-B1AD-7738FC122D8A}.Release|Any CPU.Build.0 = Release|Any CPU
		{8CC6933E-5C8F-4A1D-A02E-649032F3106F}.Debug|Any CPU.ActiveCfg = Debug|Any CPU
		{8CC6933E-5C8F-4A1D-A02E-649032F3106F}.Debug|Any CPU.Build.0 = Debug|Any CPU
		{8CC6933E-5C8F-4A1D-A02E-649032F3106F}.Release|Any CPU.ActiveCfg = Release|Any CPU
		{8CC6933E-5C8F-4A1D-A02E-649032F3106F}.Release|Any CPU.Build.0 = Release|Any CPU
		{1401F1B2-2644-4B78-B399-BFC4EA300FF4}.Debug|Any CPU.ActiveCfg = Debug|Any CPU
		{1401F1B2-2644-4B78-B399-BFC4EA300FF4}.Debug|Any CPU.Build.0 = Debug|Any CPU
		{1401F1B2-2644-4B78-B399-BFC4EA300FF4}.Release|Any CPU.ActiveCfg = Release|Any CPU
		{1401F1B2-2644-4B78-B399-BFC4EA300FF4}.Release|Any CPU.Build.0 = Release|Any CPU
		{ABC33129-0E38-4B9E-BE92-E447BC24507A}.Debug|Any CPU.ActiveCfg = Debug|Any CPU
		{ABC33129-0E38-4B9E-BE92-E447BC24507A}.Debug|Any CPU.Build.0 = Debug|Any CPU
		{ABC33129-0E38-4B9E-BE92-E447BC24507A}.Release|Any CPU.ActiveCfg = Release|Any CPU
		{ABC33129-0E38-4B9E-BE92-E447BC24507A}.Release|Any CPU.Build.0 = Release|Any CPU
		{EB555837-B3C4-48A9-BBF4-8B54BA62F1A0}.Debug|Any CPU.ActiveCfg = Debug|Any CPU
		{EB555837-B3C4-48A9-BBF4-8B54BA62F1A0}.Debug|Any CPU.Build.0 = Debug|Any CPU
		{EB555837-B3C4-48A9-BBF4-8B54BA62F1A0}.Release|Any CPU.ActiveCfg = Release|Any CPU
		{EB555837-B3C4-48A9-BBF4-8B54BA62F1A0}.Release|Any CPU.Build.0 = Release|Any CPU
		{A58882A6-AAE2-4801-BAD5-EDCA5767C6A1}.Debug|Any CPU.ActiveCfg = Debug|Any CPU
		{A58882A6-AAE2-4801-BAD5-EDCA5767C6A1}.Debug|Any CPU.Build.0 = Debug|Any CPU
		{A58882A6-AAE2-4801-BAD5-EDCA5767C6A1}.Release|Any CPU.ActiveCfg = Release|Any CPU
		{A58882A6-AAE2-4801-BAD5-EDCA5767C6A1}.Release|Any CPU.Build.0 = Release|Any CPU
		{0F74478F-EFEA-4666-86AE-62ED6021F57D}.Debug|Any CPU.ActiveCfg = Debug|Any CPU
		{0F74478F-EFEA-4666-86AE-62ED6021F57D}.Debug|Any CPU.Build.0 = Debug|Any CPU
		{0F74478F-EFEA-4666-86AE-62ED6021F57D}.Release|Any CPU.ActiveCfg = Release|Any CPU
		{0F74478F-EFEA-4666-86AE-62ED6021F57D}.Release|Any CPU.Build.0 = Release|Any CPU
		{9895115C-EE79-4061-AA7E-3B64E5A46564}.Debug|Any CPU.ActiveCfg = Debug|Any CPU
		{9895115C-EE79-4061-AA7E-3B64E5A46564}.Debug|Any CPU.Build.0 = Debug|Any CPU
		{9895115C-EE79-4061-AA7E-3B64E5A46564}.Release|Any CPU.ActiveCfg = Release|Any CPU
		{9895115C-EE79-4061-AA7E-3B64E5A46564}.Release|Any CPU.Build.0 = Release|Any CPU
		{F009D5AF-CBED-43AA-9D4D-28BEF851CE04}.Debug|Any CPU.ActiveCfg = Debug|Any CPU
		{F009D5AF-CBED-43AA-9D4D-28BEF851CE04}.Debug|Any CPU.Build.0 = Debug|Any CPU
		{F009D5AF-CBED-43AA-9D4D-28BEF851CE04}.Release|Any CPU.ActiveCfg = Release|Any CPU
		{F009D5AF-CBED-43AA-9D4D-28BEF851CE04}.Release|Any CPU.Build.0 = Release|Any CPU
		{B487C548-1809-4B7A-9220-74B20A3F65E8}.Debug|Any CPU.ActiveCfg = Debug|Any CPU
		{B487C548-1809-4B7A-9220-74B20A3F65E8}.Debug|Any CPU.Build.0 = Debug|Any CPU
		{B487C548-1809-4B7A-9220-74B20A3F65E8}.Release|Any CPU.ActiveCfg = Release|Any CPU
		{B487C548-1809-4B7A-9220-74B20A3F65E8}.Release|Any CPU.Build.0 = Release|Any CPU
		{F64DF75D-393B-4673-83BB-D2F36C0678B0}.Debug|Any CPU.ActiveCfg = Debug|Any CPU
		{F64DF75D-393B-4673-83BB-D2F36C0678B0}.Debug|Any CPU.Build.0 = Debug|Any CPU
		{F64DF75D-393B-4673-83BB-D2F36C0678B0}.Release|Any CPU.ActiveCfg = Release|Any CPU
		{F64DF75D-393B-4673-83BB-D2F36C0678B0}.Release|Any CPU.Build.0 = Release|Any CPU
		{8058CAE7-DFAF-44EF-AA49-C16FC1F18BEA}.Debug|Any CPU.ActiveCfg = Debug|Any CPU
		{8058CAE7-DFAF-44EF-AA49-C16FC1F18BEA}.Debug|Any CPU.Build.0 = Debug|Any CPU
		{8058CAE7-DFAF-44EF-AA49-C16FC1F18BEA}.Release|Any CPU.ActiveCfg = Release|Any CPU
		{8058CAE7-DFAF-44EF-AA49-C16FC1F18BEA}.Release|Any CPU.Build.0 = Release|Any CPU
		{59CD0485-0295-4B80-804B-0868E18E9ADC}.Debug|Any CPU.ActiveCfg = Debug|Any CPU
		{59CD0485-0295-4B80-804B-0868E18E9ADC}.Debug|Any CPU.Build.0 = Debug|Any CPU
		{59CD0485-0295-4B80-804B-0868E18E9ADC}.Release|Any CPU.ActiveCfg = Release|Any CPU
		{59CD0485-0295-4B80-804B-0868E18E9ADC}.Release|Any CPU.Build.0 = Release|Any CPU
		{4BC4FFBC-4C1F-49B6-88DD-30B747DE8A00}.Debug|Any CPU.ActiveCfg = Debug|Any CPU
		{4BC4FFBC-4C1F-49B6-88DD-30B747DE8A00}.Debug|Any CPU.Build.0 = Debug|Any CPU
		{4BC4FFBC-4C1F-49B6-88DD-30B747DE8A00}.Release|Any CPU.ActiveCfg = Release|Any CPU
		{4BC4FFBC-4C1F-49B6-88DD-30B747DE8A00}.Release|Any CPU.Build.0 = Release|Any CPU
		{DB5DC130-4B5E-40A3-BDBF-F29AB5E535B5}.Debug|Any CPU.ActiveCfg = Debug|Any CPU
		{DB5DC130-4B5E-40A3-BDBF-F29AB5E535B5}.Debug|Any CPU.Build.0 = Debug|Any CPU
		{DB5DC130-4B5E-40A3-BDBF-F29AB5E535B5}.Release|Any CPU.ActiveCfg = Release|Any CPU
		{DB5DC130-4B5E-40A3-BDBF-F29AB5E535B5}.Release|Any CPU.Build.0 = Release|Any CPU
		{23B1D4AE-98C6-4D7B-8F3C-220264DCE17F}.Debug|Any CPU.ActiveCfg = Debug|Any CPU
		{23B1D4AE-98C6-4D7B-8F3C-220264DCE17F}.Debug|Any CPU.Build.0 = Debug|Any CPU
		{23B1D4AE-98C6-4D7B-8F3C-220264DCE17F}.Release|Any CPU.ActiveCfg = Release|Any CPU
		{23B1D4AE-98C6-4D7B-8F3C-220264DCE17F}.Release|Any CPU.Build.0 = Release|Any CPU
		{3E732FA1-56BD-44D4-B677-214F0A268005}.Debug|Any CPU.ActiveCfg = Debug|Any CPU
		{3E732FA1-56BD-44D4-B677-214F0A268005}.Debug|Any CPU.Build.0 = Debug|Any CPU
		{3E732FA1-56BD-44D4-B677-214F0A268005}.Release|Any CPU.ActiveCfg = Release|Any CPU
		{3E732FA1-56BD-44D4-B677-214F0A268005}.Release|Any CPU.Build.0 = Release|Any CPU
		{1124B004-66AB-48EE-A02A-C888EFB7292D}.Debug|Any CPU.ActiveCfg = Debug|Any CPU
		{1124B004-66AB-48EE-A02A-C888EFB7292D}.Debug|Any CPU.Build.0 = Debug|Any CPU
		{1124B004-66AB-48EE-A02A-C888EFB7292D}.Release|Any CPU.ActiveCfg = Release|Any CPU
		{1124B004-66AB-48EE-A02A-C888EFB7292D}.Release|Any CPU.Build.0 = Release|Any CPU
		{BEB4C462-D8CA-43D4-95EA-0905DCCA8CA9}.Debug|Any CPU.ActiveCfg = Debug|Any CPU
		{BEB4C462-D8CA-43D4-95EA-0905DCCA8CA9}.Debug|Any CPU.Build.0 = Debug|Any CPU
		{BEB4C462-D8CA-43D4-95EA-0905DCCA8CA9}.Release|Any CPU.ActiveCfg = Release|Any CPU
		{BEB4C462-D8CA-43D4-95EA-0905DCCA8CA9}.Release|Any CPU.Build.0 = Release|Any CPU
		{B2E69508-1FB9-4EDB-BA35-AA9D211DC11D}.Debug|Any CPU.ActiveCfg = Debug|Any CPU
		{B2E69508-1FB9-4EDB-BA35-AA9D211DC11D}.Debug|Any CPU.Build.0 = Debug|Any CPU
		{B2E69508-1FB9-4EDB-BA35-AA9D211DC11D}.Release|Any CPU.ActiveCfg = Release|Any CPU
		{B2E69508-1FB9-4EDB-BA35-AA9D211DC11D}.Release|Any CPU.Build.0 = Release|Any CPU
		{960402EF-7D6B-41B4-9F8C-65D19077C6A5}.Debug|Any CPU.ActiveCfg = Debug|Any CPU
		{960402EF-7D6B-41B4-9F8C-65D19077C6A5}.Debug|Any CPU.Build.0 = Debug|Any CPU
		{960402EF-7D6B-41B4-9F8C-65D19077C6A5}.Release|Any CPU.ActiveCfg = Release|Any CPU
		{960402EF-7D6B-41B4-9F8C-65D19077C6A5}.Release|Any CPU.Build.0 = Release|Any CPU
		{31487B6C-0F7A-4247-99EA-380569290B9D}.Debug|Any CPU.ActiveCfg = Debug|Any CPU
		{31487B6C-0F7A-4247-99EA-380569290B9D}.Debug|Any CPU.Build.0 = Debug|Any CPU
		{31487B6C-0F7A-4247-99EA-380569290B9D}.Release|Any CPU.ActiveCfg = Release|Any CPU
		{31487B6C-0F7A-4247-99EA-380569290B9D}.Release|Any CPU.Build.0 = Release|Any CPU
		{21495076-FD32-459C-B76E-CD6077AD3080}.Debug|Any CPU.ActiveCfg = Debug|Any CPU
		{21495076-FD32-459C-B76E-CD6077AD3080}.Debug|Any CPU.Build.0 = Debug|Any CPU
		{21495076-FD32-459C-B76E-CD6077AD3080}.Release|Any CPU.ActiveCfg = Release|Any CPU
		{21495076-FD32-459C-B76E-CD6077AD3080}.Release|Any CPU.Build.0 = Release|Any CPU
		{581F6A5D-EC32-4500-BCCD-E93940D92A00}.Debug|Any CPU.ActiveCfg = Debug|Any CPU
		{581F6A5D-EC32-4500-BCCD-E93940D92A00}.Debug|Any CPU.Build.0 = Debug|Any CPU
		{581F6A5D-EC32-4500-BCCD-E93940D92A00}.Release|Any CPU.ActiveCfg = Release|Any CPU
		{581F6A5D-EC32-4500-BCCD-E93940D92A00}.Release|Any CPU.Build.0 = Release|Any CPU
		{77AB3AC9-0C9E-418E-883A-89943B178399}.Debug|Any CPU.ActiveCfg = Debug|Any CPU
		{77AB3AC9-0C9E-418E-883A-89943B178399}.Debug|Any CPU.Build.0 = Debug|Any CPU
		{77AB3AC9-0C9E-418E-883A-89943B178399}.Release|Any CPU.ActiveCfg = Release|Any CPU
		{77AB3AC9-0C9E-418E-883A-89943B178399}.Release|Any CPU.Build.0 = Release|Any CPU
		{89312DB3-D46A-4D66-AC79-32AE1F37C7CD}.Debug|Any CPU.ActiveCfg = Debug|Any CPU
		{89312DB3-D46A-4D66-AC79-32AE1F37C7CD}.Debug|Any CPU.Build.0 = Debug|Any CPU
		{89312DB3-D46A-4D66-AC79-32AE1F37C7CD}.Release|Any CPU.ActiveCfg = Release|Any CPU
		{89312DB3-D46A-4D66-AC79-32AE1F37C7CD}.Release|Any CPU.Build.0 = Release|Any CPU
		{AABFF660-DB8C-4D5C-BF39-21C6EE77A13F}.Debug|Any CPU.ActiveCfg = Debug|Any CPU
		{AABFF660-DB8C-4D5C-BF39-21C6EE77A13F}.Debug|Any CPU.Build.0 = Debug|Any CPU
		{AABFF660-DB8C-4D5C-BF39-21C6EE77A13F}.Release|Any CPU.ActiveCfg = Release|Any CPU
		{AABFF660-DB8C-4D5C-BF39-21C6EE77A13F}.Release|Any CPU.Build.0 = Release|Any CPU
		{4041ED99-4B66-405F-B837-A9A6FCE2E9C4}.Debug|Any CPU.ActiveCfg = Debug|Any CPU
		{4041ED99-4B66-405F-B837-A9A6FCE2E9C4}.Debug|Any CPU.Build.0 = Debug|Any CPU
		{4041ED99-4B66-405F-B837-A9A6FCE2E9C4}.Release|Any CPU.ActiveCfg = Release|Any CPU
		{4041ED99-4B66-405F-B837-A9A6FCE2E9C4}.Release|Any CPU.Build.0 = Release|Any CPU
		{505073AE-885B-4201-B47C-AC868CA372BC}.Debug|Any CPU.ActiveCfg = Debug|Any CPU
		{505073AE-885B-4201-B47C-AC868CA372BC}.Debug|Any CPU.Build.0 = Debug|Any CPU
		{505073AE-885B-4201-B47C-AC868CA372BC}.Release|Any CPU.ActiveCfg = Release|Any CPU
		{505073AE-885B-4201-B47C-AC868CA372BC}.Release|Any CPU.Build.0 = Release|Any CPU
		{0DCFD9B5-7C78-440E-99CB-E283E07CF330}.Debug|Any CPU.ActiveCfg = Debug|Any CPU
		{0DCFD9B5-7C78-440E-99CB-E283E07CF330}.Debug|Any CPU.Build.0 = Debug|Any CPU
		{0DCFD9B5-7C78-440E-99CB-E283E07CF330}.Release|Any CPU.ActiveCfg = Release|Any CPU
		{0DCFD9B5-7C78-440E-99CB-E283E07CF330}.Release|Any CPU.Build.0 = Release|Any CPU
		{AE6DBE7C-40A0-4ECD-B98D-C32AA35F3B44}.Debug|Any CPU.ActiveCfg = Debug|Any CPU
		{AE6DBE7C-40A0-4ECD-B98D-C32AA35F3B44}.Debug|Any CPU.Build.0 = Debug|Any CPU
		{AE6DBE7C-40A0-4ECD-B98D-C32AA35F3B44}.Release|Any CPU.ActiveCfg = Release|Any CPU
		{AE6DBE7C-40A0-4ECD-B98D-C32AA35F3B44}.Release|Any CPU.Build.0 = Release|Any CPU
		{F0075FC8-8110-4077-8DF3-1639193D4A6C}.Debug|Any CPU.ActiveCfg = Debug|Any CPU
		{F0075FC8-8110-4077-8DF3-1639193D4A6C}.Debug|Any CPU.Build.0 = Debug|Any CPU
		{F0075FC8-8110-4077-8DF3-1639193D4A6C}.Release|Any CPU.ActiveCfg = Release|Any CPU
		{F0075FC8-8110-4077-8DF3-1639193D4A6C}.Release|Any CPU.Build.0 = Release|Any CPU
		{C1D03905-01BD-49D8-8F9B-98541754E5B2}.Debug|Any CPU.ActiveCfg = Debug|Any CPU
		{C1D03905-01BD-49D8-8F9B-98541754E5B2}.Debug|Any CPU.Build.0 = Debug|Any CPU
		{C1D03905-01BD-49D8-8F9B-98541754E5B2}.Release|Any CPU.ActiveCfg = Release|Any CPU
		{C1D03905-01BD-49D8-8F9B-98541754E5B2}.Release|Any CPU.Build.0 = Release|Any CPU
		{A5258CE1-01BF-4B7F-9777-A83C5010521B}.Debug|Any CPU.ActiveCfg = Debug|Any CPU
		{A5258CE1-01BF-4B7F-9777-A83C5010521B}.Debug|Any CPU.Build.0 = Debug|Any CPU
		{A5258CE1-01BF-4B7F-9777-A83C5010521B}.Release|Any CPU.ActiveCfg = Release|Any CPU
		{A5258CE1-01BF-4B7F-9777-A83C5010521B}.Release|Any CPU.Build.0 = Release|Any CPU
		{C17516A5-18CA-4A43-A3FD-8D2A734BC56C}.Debug|Any CPU.ActiveCfg = Debug|Any CPU
		{C17516A5-18CA-4A43-A3FD-8D2A734BC56C}.Debug|Any CPU.Build.0 = Debug|Any CPU
		{C17516A5-18CA-4A43-A3FD-8D2A734BC56C}.Release|Any CPU.ActiveCfg = Release|Any CPU
		{C17516A5-18CA-4A43-A3FD-8D2A734BC56C}.Release|Any CPU.Build.0 = Release|Any CPU
		{7A63901B-40F6-4564-929F-687CAAB5B974}.Debug|Any CPU.ActiveCfg = Debug|Any CPU
		{7A63901B-40F6-4564-929F-687CAAB5B974}.Debug|Any CPU.Build.0 = Debug|Any CPU
		{7A63901B-40F6-4564-929F-687CAAB5B974}.Release|Any CPU.ActiveCfg = Release|Any CPU
		{7A63901B-40F6-4564-929F-687CAAB5B974}.Release|Any CPU.Build.0 = Release|Any CPU
		{21285B46-1ABF-42D7-B24F-159634A55564}.Debug|Any CPU.ActiveCfg = Debug|Any CPU
		{21285B46-1ABF-42D7-B24F-159634A55564}.Debug|Any CPU.Build.0 = Debug|Any CPU
		{21285B46-1ABF-42D7-B24F-159634A55564}.Release|Any CPU.ActiveCfg = Release|Any CPU
		{21285B46-1ABF-42D7-B24F-159634A55564}.Release|Any CPU.Build.0 = Release|Any CPU
		{DDB04BBF-85C6-4BDE-842E-5CC24DF34FEA}.Debug|Any CPU.ActiveCfg = Debug|Any CPU
		{DDB04BBF-85C6-4BDE-842E-5CC24DF34FEA}.Debug|Any CPU.Build.0 = Debug|Any CPU
		{DDB04BBF-85C6-4BDE-842E-5CC24DF34FEA}.Release|Any CPU.ActiveCfg = Release|Any CPU
		{DDB04BBF-85C6-4BDE-842E-5CC24DF34FEA}.Release|Any CPU.Build.0 = Release|Any CPU
		{4F25FBB4-FB28-4343-A0B9-217D9B84BDF1}.Debug|Any CPU.ActiveCfg = Debug|Any CPU
		{4F25FBB4-FB28-4343-A0B9-217D9B84BDF1}.Debug|Any CPU.Build.0 = Debug|Any CPU
		{4F25FBB4-FB28-4343-A0B9-217D9B84BDF1}.Release|Any CPU.ActiveCfg = Release|Any CPU
		{4F25FBB4-FB28-4343-A0B9-217D9B84BDF1}.Release|Any CPU.Build.0 = Release|Any CPU
		{ED22BAB8-F92A-4857-92E6-55CE9BACF125}.Debug|Any CPU.ActiveCfg = Debug|Any CPU
		{ED22BAB8-F92A-4857-92E6-55CE9BACF125}.Debug|Any CPU.Build.0 = Debug|Any CPU
		{ED22BAB8-F92A-4857-92E6-55CE9BACF125}.Release|Any CPU.ActiveCfg = Release|Any CPU
		{ED22BAB8-F92A-4857-92E6-55CE9BACF125}.Release|Any CPU.Build.0 = Release|Any CPU
		{FFA1FAA1-D83C-49FC-B325-214822D3CDBC}.Debug|Any CPU.ActiveCfg = Debug|Any CPU
		{FFA1FAA1-D83C-49FC-B325-214822D3CDBC}.Debug|Any CPU.Build.0 = Debug|Any CPU
		{FFA1FAA1-D83C-49FC-B325-214822D3CDBC}.Release|Any CPU.ActiveCfg = Release|Any CPU
		{FFA1FAA1-D83C-49FC-B325-214822D3CDBC}.Release|Any CPU.Build.0 = Release|Any CPU
		{74931C80-399D-4C79-BDB5-86CD3165815C}.Debug|Any CPU.ActiveCfg = Debug|Any CPU
		{74931C80-399D-4C79-BDB5-86CD3165815C}.Debug|Any CPU.Build.0 = Debug|Any CPU
		{74931C80-399D-4C79-BDB5-86CD3165815C}.Release|Any CPU.ActiveCfg = Release|Any CPU
		{74931C80-399D-4C79-BDB5-86CD3165815C}.Release|Any CPU.Build.0 = Release|Any CPU
		{0726C80A-F9D5-412D-85AE-FDEFB90E80C4}.Debug|Any CPU.ActiveCfg = Debug|Any CPU
		{0726C80A-F9D5-412D-85AE-FDEFB90E80C4}.Debug|Any CPU.Build.0 = Debug|Any CPU
		{0726C80A-F9D5-412D-85AE-FDEFB90E80C4}.Release|Any CPU.ActiveCfg = Debug|Any CPU
		{0726C80A-F9D5-412D-85AE-FDEFB90E80C4}.Release|Any CPU.Build.0 = Debug|Any CPU
		{961CFDE2-9AC8-4E96-BA45-FA17A0EF223D}.Debug|Any CPU.ActiveCfg = Debug|Any CPU
		{961CFDE2-9AC8-4E96-BA45-FA17A0EF223D}.Debug|Any CPU.Build.0 = Debug|Any CPU
		{961CFDE2-9AC8-4E96-BA45-FA17A0EF223D}.Release|Any CPU.ActiveCfg = Release|Any CPU
		{961CFDE2-9AC8-4E96-BA45-FA17A0EF223D}.Release|Any CPU.Build.0 = Release|Any CPU
		{48EC26CF-04C1-46AA-AF17-73CDE359A5EB}.Debug|Any CPU.ActiveCfg = Debug|Any CPU
		{48EC26CF-04C1-46AA-AF17-73CDE359A5EB}.Debug|Any CPU.Build.0 = Debug|Any CPU
		{48EC26CF-04C1-46AA-AF17-73CDE359A5EB}.Release|Any CPU.ActiveCfg = Release|Any CPU
		{48EC26CF-04C1-46AA-AF17-73CDE359A5EB}.Release|Any CPU.Build.0 = Release|Any CPU
		{3A40EC60-57F4-4809-B956-3118FA7ADADC}.Debug|Any CPU.ActiveCfg = Debug|Any CPU
		{3A40EC60-57F4-4809-B956-3118FA7ADADC}.Debug|Any CPU.Build.0 = Debug|Any CPU
		{3A40EC60-57F4-4809-B956-3118FA7ADADC}.Release|Any CPU.ActiveCfg = Release|Any CPU
		{3A40EC60-57F4-4809-B956-3118FA7ADADC}.Release|Any CPU.Build.0 = Release|Any CPU
		{A99B5873-1EF7-4515-A364-88E7D9B11E5A}.Debug|Any CPU.ActiveCfg = Debug|Any CPU
		{A99B5873-1EF7-4515-A364-88E7D9B11E5A}.Debug|Any CPU.Build.0 = Debug|Any CPU
		{A99B5873-1EF7-4515-A364-88E7D9B11E5A}.Release|Any CPU.ActiveCfg = Release|Any CPU
		{A99B5873-1EF7-4515-A364-88E7D9B11E5A}.Release|Any CPU.Build.0 = Release|Any CPU
		{6BD8094E-13A6-4BB1-8538-3BDFEAF4EE11}.Debug|Any CPU.ActiveCfg = Debug|Any CPU
		{6BD8094E-13A6-4BB1-8538-3BDFEAF4EE11}.Debug|Any CPU.Build.0 = Debug|Any CPU
		{6BD8094E-13A6-4BB1-8538-3BDFEAF4EE11}.Release|Any CPU.ActiveCfg = Release|Any CPU
		{6BD8094E-13A6-4BB1-8538-3BDFEAF4EE11}.Release|Any CPU.Build.0 = Release|Any CPU
		{286F70A4-5027-4631-9044-3119AB5B4F4B}.Debug|Any CPU.ActiveCfg = Debug|Any CPU
		{286F70A4-5027-4631-9044-3119AB5B4F4B}.Debug|Any CPU.Build.0 = Debug|Any CPU
		{286F70A4-5027-4631-9044-3119AB5B4F4B}.Release|Any CPU.ActiveCfg = Release|Any CPU
		{286F70A4-5027-4631-9044-3119AB5B4F4B}.Release|Any CPU.Build.0 = Release|Any CPU
		{69F19231-FAFC-4514-ACE1-9F5D9187FD02}.Debug|Any CPU.ActiveCfg = Debug|Any CPU
		{69F19231-FAFC-4514-ACE1-9F5D9187FD02}.Debug|Any CPU.Build.0 = Debug|Any CPU
		{69F19231-FAFC-4514-ACE1-9F5D9187FD02}.Release|Any CPU.ActiveCfg = Release|Any CPU
		{69F19231-FAFC-4514-ACE1-9F5D9187FD02}.Release|Any CPU.Build.0 = Release|Any CPU
		{A6CFF9B7-36C2-437F-B296-443BD263F6F5}.Debug|Any CPU.ActiveCfg = Debug|Any CPU
		{A6CFF9B7-36C2-437F-B296-443BD263F6F5}.Debug|Any CPU.Build.0 = Debug|Any CPU
		{A6CFF9B7-36C2-437F-B296-443BD263F6F5}.Release|Any CPU.ActiveCfg = Release|Any CPU
		{A6CFF9B7-36C2-437F-B296-443BD263F6F5}.Release|Any CPU.Build.0 = Release|Any CPU
		{F8EF1468-8373-4F42-B5DD-BF6C428296C2}.Debug|Any CPU.ActiveCfg = Debug|Any CPU
		{F8EF1468-8373-4F42-B5DD-BF6C428296C2}.Debug|Any CPU.Build.0 = Debug|Any CPU
		{F8EF1468-8373-4F42-B5DD-BF6C428296C2}.Release|Any CPU.ActiveCfg = Release|Any CPU
		{F8EF1468-8373-4F42-B5DD-BF6C428296C2}.Release|Any CPU.Build.0 = Release|Any CPU
		{4406B416-9634-483F-9E94-20E645CD2D3F}.Debug|Any CPU.ActiveCfg = Debug|Any CPU
		{4406B416-9634-483F-9E94-20E645CD2D3F}.Debug|Any CPU.Build.0 = Debug|Any CPU
		{4406B416-9634-483F-9E94-20E645CD2D3F}.Release|Any CPU.ActiveCfg = Release|Any CPU
		{4406B416-9634-483F-9E94-20E645CD2D3F}.Release|Any CPU.Build.0 = Release|Any CPU
		{8F488F19-8FC8-460B-BACC-63E09070CC80}.Debug|Any CPU.ActiveCfg = Debug|Any CPU
		{8F488F19-8FC8-460B-BACC-63E09070CC80}.Debug|Any CPU.Build.0 = Debug|Any CPU
		{8F488F19-8FC8-460B-BACC-63E09070CC80}.Release|Any CPU.ActiveCfg = Release|Any CPU
		{8F488F19-8FC8-460B-BACC-63E09070CC80}.Release|Any CPU.Build.0 = Release|Any CPU
		{2581E871-D0B7-4078-9B0F-14E0813BFC31}.Debug|Any CPU.ActiveCfg = Debug|Any CPU
		{2581E871-D0B7-4078-9B0F-14E0813BFC31}.Debug|Any CPU.Build.0 = Debug|Any CPU
		{2581E871-D0B7-4078-9B0F-14E0813BFC31}.Release|Any CPU.ActiveCfg = Release|Any CPU
		{2581E871-D0B7-4078-9B0F-14E0813BFC31}.Release|Any CPU.Build.0 = Release|Any CPU
	EndGlobalSection
	GlobalSection(SolutionProperties) = preSolution
		HideSolutionNode = FALSE
	EndGlobalSection
	GlobalSection(NestedProjects) = preSolution
		{19C63F20-4A3E-4940-B1AD-7738FC122D8A} = {5B60B5A2-B1FB-4DF1-8CE3-95C12617276F}
		{8CC6933E-5C8F-4A1D-A02E-649032F3106F} = {B717C5FC-1805-444C-B738-8A60E36AB082}
		{B717C5FC-1805-444C-B738-8A60E36AB082} = {BD40DC83-A430-4EDE-A10E-B140AB41262C}
		{1401F1B2-2644-4B78-B399-BFC4EA300FF4} = {DBC49839-EE99-46F5-93B6-5EEC62C622EB}
		{ABC33129-0E38-4B9E-BE92-E447BC24507A} = {FFCA0B17-8EE4-4FE0-8735-CD77E7426268}
		{EB555837-B3C4-48A9-BBF4-8B54BA62F1A0} = {FFCA0B17-8EE4-4FE0-8735-CD77E7426268}
		{35D1103F-1844-40BF-9034-ED54CD2A4553} = {56CD8604-3621-41CD-80A9-41BC131FBF82}
		{1950A7EB-C866-4978-9F9C-FFAB5A8AB217} = {56CD8604-3621-41CD-80A9-41BC131FBF82}
		{A58882A6-AAE2-4801-BAD5-EDCA5767C6A1} = {1950A7EB-C866-4978-9F9C-FFAB5A8AB217}
		{0F74478F-EFEA-4666-86AE-62ED6021F57D} = {B717C5FC-1805-444C-B738-8A60E36AB082}
		{9895115C-EE79-4061-AA7E-3B64E5A46564} = {B717C5FC-1805-444C-B738-8A60E36AB082}
		{F009D5AF-CBED-43AA-9D4D-28BEF851CE04} = {B717C5FC-1805-444C-B738-8A60E36AB082}
		{31D9BC59-2D5A-4591-9D27-8BF17952562C} = {BD40DC83-A430-4EDE-A10E-B140AB41262C}
		{B487C548-1809-4B7A-9220-74B20A3F65E8} = {31D9BC59-2D5A-4591-9D27-8BF17952562C}
		{F64DF75D-393B-4673-83BB-D2F36C0678B0} = {31D9BC59-2D5A-4591-9D27-8BF17952562C}
		{8058CAE7-DFAF-44EF-AA49-C16FC1F18BEA} = {31D9BC59-2D5A-4591-9D27-8BF17952562C}
		{59CD0485-0295-4B80-804B-0868E18E9ADC} = {31D9BC59-2D5A-4591-9D27-8BF17952562C}
		{4BC4FFBC-4C1F-49B6-88DD-30B747DE8A00} = {C118E2BF-56A6-440D-B15D-FE42E09FE761}
		{DB5DC130-4B5E-40A3-BDBF-F29AB5E535B5} = {C118E2BF-56A6-440D-B15D-FE42E09FE761}
		{D3422CF3-ED12-49F9-8B33-C505674B5588} = {BD40DC83-A430-4EDE-A10E-B140AB41262C}
		{23B1D4AE-98C6-4D7B-8F3C-220264DCE17F} = {D3422CF3-ED12-49F9-8B33-C505674B5588}
		{3E732FA1-56BD-44D4-B677-214F0A268005} = {D3422CF3-ED12-49F9-8B33-C505674B5588}
		{1124B004-66AB-48EE-A02A-C888EFB7292D} = {D3422CF3-ED12-49F9-8B33-C505674B5588}
		{BEB4C462-D8CA-43D4-95EA-0905DCCA8CA9} = {D3422CF3-ED12-49F9-8B33-C505674B5588}
		{B2E69508-1FB9-4EDB-BA35-AA9D211DC11D} = {DBC49839-EE99-46F5-93B6-5EEC62C622EB}
		{4241BC62-EDEA-4D44-BE6B-0A481C0F51F1} = {BD40DC83-A430-4EDE-A10E-B140AB41262C}
		{960402EF-7D6B-41B4-9F8C-65D19077C6A5} = {4241BC62-EDEA-4D44-BE6B-0A481C0F51F1}
		{31487B6C-0F7A-4247-99EA-380569290B9D} = {4241BC62-EDEA-4D44-BE6B-0A481C0F51F1}
		{21495076-FD32-459C-B76E-CD6077AD3080} = {4241BC62-EDEA-4D44-BE6B-0A481C0F51F1}
		{581F6A5D-EC32-4500-BCCD-E93940D92A00} = {4241BC62-EDEA-4D44-BE6B-0A481C0F51F1}
		{07390A2C-8A95-4B61-884B-CA810B15AE55} = {5F28A828-E427-4F6E-BF99-7B42746B0051}
		{77AB3AC9-0C9E-418E-883A-89943B178399} = {5F28A828-E427-4F6E-BF99-7B42746B0051}
		{89312DB3-D46A-4D66-AC79-32AE1F37C7CD} = {A2AD73BD-E0E0-4270-A4DA-7C57106855D9}
		{AABFF660-DB8C-4D5C-BF39-21C6EE77A13F} = {A2AD73BD-E0E0-4270-A4DA-7C57106855D9}
		{4041ED99-4B66-405F-B837-A9A6FCE2E9C4} = {A2AD73BD-E0E0-4270-A4DA-7C57106855D9}
		{505073AE-885B-4201-B47C-AC868CA372BC} = {A2AD73BD-E0E0-4270-A4DA-7C57106855D9}
		{0DCFD9B5-7C78-440E-99CB-E283E07CF330} = {5B60B5A2-B1FB-4DF1-8CE3-95C12617276F}
		{AE6DBE7C-40A0-4ECD-B98D-C32AA35F3B44} = {DBC49839-EE99-46F5-93B6-5EEC62C622EB}
		{2FEAD054-6C88-4CDF-A32C-34BB52CAE6D7} = {07390A2C-8A95-4B61-884B-CA810B15AE55}
		{F0075FC8-8110-4077-8DF3-1639193D4A6C} = {2FEAD054-6C88-4CDF-A32C-34BB52CAE6D7}
		{C1D03905-01BD-49D8-8F9B-98541754E5B2} = {2FEAD054-6C88-4CDF-A32C-34BB52CAE6D7}
		{A5258CE1-01BF-4B7F-9777-A83C5010521B} = {5DF5754B-515E-4584-8EF2-49A0E77B4B12}
		{A2AD73BD-E0E0-4270-A4DA-7C57106855D9} = {BD40DC83-A430-4EDE-A10E-B140AB41262C}
		{092DECDD-056B-4C40-9FD6-CAF4A484FD85} = {BD40DC83-A430-4EDE-A10E-B140AB41262C}
		{C17516A5-18CA-4A43-A3FD-8D2A734BC56C} = {092DECDD-056B-4C40-9FD6-CAF4A484FD85}
		{7A63901B-40F6-4564-929F-687CAAB5B974} = {092DECDD-056B-4C40-9FD6-CAF4A484FD85}
		{21285B46-1ABF-42D7-B24F-159634A55564} = {092DECDD-056B-4C40-9FD6-CAF4A484FD85}
		{DDB04BBF-85C6-4BDE-842E-5CC24DF34FEA} = {092DECDD-056B-4C40-9FD6-CAF4A484FD85}
		{4F25FBB4-FB28-4343-A0B9-217D9B84BDF1} = {B717C5FC-1805-444C-B738-8A60E36AB082}
		{ED22BAB8-F92A-4857-92E6-55CE9BACF125} = {092DECDD-056B-4C40-9FD6-CAF4A484FD85}
		{FFA1FAA1-D83C-49FC-B325-214822D3CDBC} = {5B60B5A2-B1FB-4DF1-8CE3-95C12617276F}
		{74931C80-399D-4C79-BDB5-86CD3165815C} = {5F28A828-E427-4F6E-BF99-7B42746B0051}
		{0726C80A-F9D5-412D-85AE-FDEFB90E80C4} = {5F28A828-E427-4F6E-BF99-7B42746B0051}
		{6D802902-D4CC-45AC-A4AC-511336650BF4} = {BD40DC83-A430-4EDE-A10E-B140AB41262C}
		{961CFDE2-9AC8-4E96-BA45-FA17A0EF223D} = {6D802902-D4CC-45AC-A4AC-511336650BF4}
		{48EC26CF-04C1-46AA-AF17-73CDE359A5EB} = {6D802902-D4CC-45AC-A4AC-511336650BF4}
		{3A40EC60-57F4-4809-B956-3118FA7ADADC} = {6D802902-D4CC-45AC-A4AC-511336650BF4}
		{A99B5873-1EF7-4515-A364-88E7D9B11E5A} = {6D802902-D4CC-45AC-A4AC-511336650BF4}
		{6BD8094E-13A6-4BB1-8538-3BDFEAF4EE11} = {6D802902-D4CC-45AC-A4AC-511336650BF4}
		{286F70A4-5027-4631-9044-3119AB5B4F4B} = {56CD8604-3621-41CD-80A9-41BC131FBF82}
		{69F19231-FAFC-4514-ACE1-9F5D9187FD02} = {DBC49839-EE99-46F5-93B6-5EEC62C622EB}
		{A6CFF9B7-36C2-437F-B296-443BD263F6F5} = {5DF5754B-515E-4584-8EF2-49A0E77B4B12}
		{5DF5754B-515E-4584-8EF2-49A0E77B4B12} = {07390A2C-8A95-4B61-884B-CA810B15AE55}
		{F8EF1468-8373-4F42-B5DD-BF6C428296C2} = {5DF5754B-515E-4584-8EF2-49A0E77B4B12}
		{326E1D55-FD78-49E8-8037-D6856C53AB41} = {5F28A828-E427-4F6E-BF99-7B42746B0051}
		{4406B416-9634-483F-9E94-20E645CD2D3F} = {B717C5FC-1805-444C-B738-8A60E36AB082}
		{8F488F19-8FC8-460B-BACC-63E09070CC80} = {A2AD73BD-E0E0-4270-A4DA-7C57106855D9}
		{2581E871-D0B7-4078-9B0F-14E0813BFC31} = {5B60B5A2-B1FB-4DF1-8CE3-95C12617276F}
	EndGlobalSection
	GlobalSection(ExtensibilityGlobals) = postSolution
		SolutionGuid = {EEF22E60-9505-4791-B3FA-697E4DB2FE75}
	EndGlobalSection
EndGlobal
