
Microsoft Visual Studio Solution File, Format Version 12.00
# Visual Studio Version 17
VisualStudioVersion = 17.2.32526.322
MinimumVisualStudioVersion = 10.0.40219.1
Project("{9A19103F-16F7-4668-BE54-9A1E7A4F7556}") = "AppStorage", "Storage\AppStorage\AppStorage.csproj", "{19C63F20-4A3E-4940-B1AD-7738FC122D8A}"
EndProject
Project("{2150E333-8FDC-42A3-9474-1A3956D46DE8}") = "Mods", "Mods", "{BD40DC83-A430-4EDE-A10E-B140AB41262C}"
EndProject
Project("{9A19103F-16F7-4668-BE54-9A1E7A4F7556}") = "Mod.Product.Base", "Mods\Product\Mod.Product.Base\Mod.Product.Base.csproj", "{8CC6933E-5C8F-4A1D-A02E-649032F3106F}"
EndProject
Project("{2150E333-8FDC-42A3-9474-1A3956D46DE8}") = "Product", "Product", "{B717C5FC-1805-444C-B738-8A60E36AB082}"
EndProject
Project("{2150E333-8FDC-42A3-9474-1A3956D46DE8}") = "Core", "Core", "{DBC49839-EE99-46F5-93B6-5EEC62C622EB}"
EndProject
Project("{9A19103F-16F7-4668-BE54-9A1E7A4F7556}") = "Core.Base", "Core\Core.Base\Core.Base.csproj", "{1401F1B2-2644-4B78-B399-BFC4EA300FF4}"
EndProject
Project("{9A19103F-16F7-4668-BE54-9A1E7A4F7556}") = "Core.RabbitMqBase", "Core\Core.RabbitMqBase\Core.RabbitMqBase.csproj", "{B2E69508-1FB9-4EDB-BA35-AA9D211DC11D}"
EndProject
Project("{9A19103F-16F7-4668-BE54-9A1E7A4F7556}") = "Core.Auh", "Core\Core.Auh\Core.Auh.csproj", "{AE6DBE7C-40A0-4ECD-B98D-C32AA35F3B44}"
EndProject
Project("{9A19103F-16F7-4668-BE54-9A1E7A4F7556}") = "Core.Transfer", "Core\Core.Transfer\Core.Transfer.csproj", "{69F19231-FAFC-4514-ACE1-9F5D9187FD02}"
EndProject
Project("{2150E333-8FDC-42A3-9474-1A3956D46DE8}") = "Infrastructure", "Infrastructure", "{FFCA0B17-8EE4-4FE0-8735-CD77E7426268}"
EndProject
Project("{9A19103F-16F7-4668-BE54-9A1E7A4F7556}") = "Services", "Infrastructure\Services\Services.csproj", "{ABC33129-0E38-4B9E-BE92-E447BC24507A}"
EndProject
Project("{9A19103F-16F7-4668-BE54-9A1E7A4F7556}") = "Interfaces", "Infrastructure\Interfaces\Interfaces.csproj", "{EB555837-B3C4-48A9-BBF4-8B54BA62F1A0}"
EndProject
Project("{2150E333-8FDC-42A3-9474-1A3956D46DE8}") = "Tests", "Tests", "{56CD8604-3621-41CD-80A9-41BC131FBF82}"
EndProject
Project("{2150E333-8FDC-42A3-9474-1A3956D46DE8}") = "Services", "Services", "{35D1103F-1844-40BF-9034-ED54CD2A4553}"
EndProject
Project("{2150E333-8FDC-42A3-9474-1A3956D46DE8}") = "Integration", "Integration", "{1950A7EB-C866-4978-9F9C-FFAB5A8AB217}"
EndProject
Project("{9A19103F-16F7-4668-BE54-9A1E7A4F7556}") = "ProductApiTest", "Tests\Integration\ProductApiTest\ProductApiTest.csproj", "{A58882A6-AAE2-4801-BAD5-EDCA5767C6A1}"
EndProject
Project("{2150E333-8FDC-42A3-9474-1A3956D46DE8}") = "Apps", "Apps", "{5F28A828-E427-4F6E-BF99-7B42746B0051}"
	ProjectSection(SolutionItems) = preProject
		ReadMe.md = ReadMe.md
	EndProjectSection
EndProject
Project("{2150E333-8FDC-42A3-9474-1A3956D46DE8}") = "Storage", "Storage", "{5B60B5A2-B1FB-4DF1-8CE3-95C12617276F}"
EndProject
Project("{9A19103F-16F7-4668-BE54-9A1E7A4F7556}") = "Mod.Product.Interfaces", "Mods\Product\Mod.Product.Interfaces\Mod.Product.Interfaces.csproj", "{0F74478F-EFEA-4666-86AE-62ED6021F57D}"
EndProject
Project("{9A19103F-16F7-4668-BE54-9A1E7A4F7556}") = "Mod.Product.Models", "Mods\Product\Mod.Product.Models\Mod.Product.Models.csproj", "{9895115C-EE79-4061-AA7E-3B64E5A46564}"
EndProject
Project("{9A19103F-16F7-4668-BE54-9A1E7A4F7556}") = "Mod.Product.Services", "Mods\Product\Mod.Product.Services\Mod.Product.Services.csproj", "{F009D5AF-CBED-43AA-9D4D-28BEF851CE04}"
EndProject
Project("{2150E333-8FDC-42A3-9474-1A3956D46DE8}") = "Order", "Order", "{31D9BC59-2D5A-4591-9D27-8BF17952562C}"
EndProject
Project("{FAE04EC0-301F-11D3-BF4B-00C04F79EFBC}") = "Mod.Order.EventData", "Mods\Order\Mod.Order.EventData\Mod.Order.EventData.csproj", "{F79B6EC6-3982-4B74-B8B4-FBE7138C5AC6}"
EndProject
Project("{FAE04EC0-301F-11D3-BF4B-00C04F79EFBC}") = "Mod.Order.Root", "Mods\Order\Mod.Order.Root\Mod.Order.Root.csproj", "{480D8975-C7B0-489B-8402-EBA06BA8AB94}"
EndProject
Project("{9A19103F-16F7-4668-BE54-9A1E7A4F7556}") = "Mod.Order.Base", "Mods\Order\Mod.Order.Base\Mod.Order.Base.csproj", "{B487C548-1809-4B7A-9220-74B20A3F65E8}"
EndProject
Project("{9A19103F-16F7-4668-BE54-9A1E7A4F7556}") = "Mod.Order.Interfaces", "Mods\Order\Mod.Order.Interfaces\Mod.Order.Interfaces.csproj", "{F64DF75D-393B-4673-83BB-D2F36C0678B0}"
EndProject
Project("{9A19103F-16F7-4668-BE54-9A1E7A4F7556}") = "Mod.Order.Services", "Mods\Order\Mod.Order.Services\Mod.Order.Services.csproj", "{8058CAE7-DFAF-44EF-AA49-C16FC1F18BEA}"
EndProject
Project("{9A19103F-16F7-4668-BE54-9A1E7A4F7556}") = "Mod.Order.Models", "Mods\Order\Mod.Order.Models\Mod.Order.Models.csproj", "{59CD0485-0295-4B80-804B-0868E18E9ADC}"
EndProject
Project("{2150E333-8FDC-42A3-9474-1A3956D46DE8}") = "WareHouseProduct", "WareHouseProduct", "{D3422CF3-ED12-49F9-8B33-C505674B5588}"
EndProject

Project("{2150E333-8FDC-42A3-9474-1A3956D46DE8}") = "Shipment", "Shipment", "{4241BC62-EDEA-4D44-BE6B-0A481C0F51F1}"
EndProject
Project("{2150E333-8FDC-42A3-9474-1A3956D46DE8}") = "Auth", "Auth", "{A2AD73BD-E0E0-4270-A4DA-7C57106855D9}"
EndProject
Project("{9A19103F-16F7-4668-BE54-9A1E7A4F7556}") = "Mod.Auth.Root", "Mods\Auth\Mod.Auth.Root\Mod.Auth.Root.csproj", "{8F488F19-8FC8-460B-BACC-63E09070CC80}"
EndProject
Project("{9A19103F-16F7-4668-BE54-9A1E7A4F7556}") = "Mod.Auth.Base", "Mods\Auth\Mod.Auth.Base\Mod.Auth.Base.csproj", "{89312DB3-D46A-4D66-AC79-32AE1F37C7CD}"
EndProject
Project("{9A19103F-16F7-4668-BE54-9A1E7A4F7556}") = "Mod.Auth.Interfaces", "Mods\Auth\Mod.Auth.Interfaces\Mod.Auth.Interfaces.csproj", "{AABFF660-DB8C-4D5C-BF39-21C6EE77A13F}"
EndProject
Project("{9A19103F-16F7-4668-BE54-9A1E7A4F7556}") = "Mod.Auth.Models", "Mods\Auth\Mod.Auth.Models\Mod.Auth.Models.csproj", "{4041ED99-4B66-405F-B837-A9A6FCE2E9C4}"
EndProject
Project("{9A19103F-16F7-4668-BE54-9A1E7A4F7556}") = "Mod.Auth.Services", "Mods\Auth\Mod.Auth.Services\Mod.Auth.Services.csproj", "{505073AE-885B-4201-B47C-AC868CA372BC}"
EndProject
Project("{9A19103F-16F7-4668-BE54-9A1E7A4F7556}") = "IdentityDb", "Storage\IdentityDb\IdentityDb.csproj", "{0DCFD9B5-7C78-440E-99CB-E283E07CF330}"
EndProject
Project("{2150E333-8FDC-42A3-9474-1A3956D46DE8}") = "Identity", "Identity", "{2FEAD054-6C88-4CDF-A32C-34BB52CAE6D7}"
EndProject
Project("{9A19103F-16F7-4668-BE54-9A1E7A4F7556}") = "IdentityProvider.Server", "Apps\IdentityProvider\IdentityProvider.Server\IdentityProvider.Server.csproj", "{F0075FC8-8110-4077-8DF3-1639193D4A6C}"
EndProject
Project("{9A19103F-16F7-4668-BE54-9A1E7A4F7556}") = "IdentityProvider.Client", "Apps\IdentityProvider\IdentityProvider.Client\IdentityProvider.Client.csproj", "{C1D03905-01BD-49D8-8F9B-98541754E5B2}"
EndProject
Project("{9A19103F-16F7-4668-BE54-9A1E7A4F7556}") = "IdentityProvider.Shared", "Apps\IdentityProvider\IdentityProvider.Shared\IdentityProvider.Shared.csproj", "{A5258CE1-01BF-4B7F-9777-A83C5010521B}"
EndProject
Project("{9A19103F-16F7-4668-BE54-9A1E7A4F7556}") = "Mod.Product.ViewData", "Mods\Product\Mod.Product.ViewData\Mod.Product.ViewData.csproj", "{4F25FBB4-FB28-4343-A0B9-217D9B84BDF1}"
EndProject
Project("{9A19103F-16F7-4668-BE54-9A1E7A4F7556}") = "RedisCache", "Storage\RedisCache\RedisCache.csproj", "{FFA1FAA1-D83C-49FC-B325-214822D3CDBC}"
EndProject
Project("{9A19103F-16F7-4668-BE54-9A1E7A4F7556}") = "ProductWebAPI", "Apps\ProductWebAPI\ProductWebAPI.csproj", "{74931C80-399D-4C79-BDB5-86CD3165815C}"
EndProject
Project("{9A19103F-16F7-4668-BE54-9A1E7A4F7556}") = "Mod.Product.Root", "Mods\Product\Mod.Product.Root\Mod.Product.Root.csproj", "{4406B416-9634-483F-9E94-20E645CD2D3F}"
EndProject
EndProject
Project("{2150E333-8FDC-42A3-9474-1A3956D46DE8}") = "DataServices", "DataServices", "{9CBAD9CA-2CF0-457C-99BF-F0162D16D388}"
EndProject
Project("{FAE04EC0-301F-11D3-BF4B-00C04F79EFBC}") = "SqlDataServices", "Infrastructure\DataServices\SqlDataServices\SqlDataServices.csproj", "{0EC9F0A2-7535-4D37-8035-D8110FF9A3EF}"
EndProject
Project("{2150E333-8FDC-42A3-9474-1A3956D46DE8}") = "Data", "Data", "{44B4D43F-D349-43D3-BC12-5CB60C0AF5DD}"
EndProject
Project("{FAE04EC0-301F-11D3-BF4B-00C04F79EFBC}") = "Objects", "data\Objects\Objects.csproj", "{C81374E2-0BCF-4D12-A7A4-1CE8DA76ACC7}"
EndProject
Project("{FAE04EC0-301F-11D3-BF4B-00C04F79EFBC}") = "MongoObjects", "data\MongoObjects\MongoObjects.csproj", "{EB075AD0-F6FC-4516-A5C8-FE831AF3A514}"
EndProject
Project("{2150E333-8FDC-42A3-9474-1A3956D46DE8}") = "Ordering", "Ordering", "{9E60E35A-76E8-4986-84B3-DCF4B44DBCA2}"
EndProject
Project("{2150E333-8FDC-42A3-9474-1A3956D46DE8}") = "Base", "Base", "{64300116-8FEB-4A8F-BD7D-8C5583E752D5}"
EndProject
Project("{2150E333-8FDC-42A3-9474-1A3956D46DE8}") = "MassTransitSagaEvents", "MassTransitSagaEvents", "{7BFF4D7E-655B-4A2C-A229-8214D6E3D0BF}"
EndProject
Project("{FAE04EC0-301F-11D3-BF4B-00C04F79EFBC}") = "OrderWebAPI", "Apps\OrderWebAPI\OrderWebAPI.csproj", "{3027209E-97F0-4A2C-B17E-790830142A4D}"
EndProject
Project("{2150E333-8FDC-42A3-9474-1A3956D46DE8}") = "EventBus", "EventBus", "{A44F00BD-7771-4A9D-B181-561F7A35CA7B}"
EndProject
Project("{FAE04EC0-301F-11D3-BF4B-00C04F79EFBC}") = "EventBus", "EventBus\EventBus.csproj", "{4E22C02F-2748-4744-AE7E-DA79A19687BC}"
EndProject
Project("{2150E333-8FDC-42A3-9474-1A3956D46DE8}") = "StateMachines", "StateMachines", "{5125A2CB-631C-4E90-BE05-E02DBF64AAF9}"
EndProject
Project("{FAE04EC0-301F-11D3-BF4B-00C04F79EFBC}") = "MassTransitBase", "data\MassTransitBase\MassTransitBase.csproj", "{6663755B-A831-4BB1-B73C-9DD945B1AB55}"
EndProject
Project("{FAE04EC0-301F-11D3-BF4B-00C04F79EFBC}") = "OrderOrchestratorStateMachine", "StateMachines\OrderOrchestratorStateMachine\OrderOrchestratorStateMachine\OrderOrchestratorStateMachine.csproj", "{3D9E2D7D-105E-4D42-8C7B-E97ACFD1A1A2}"
EndProject
Project("{FAE04EC0-301F-11D3-BF4B-00C04F79EFBC}") = "EventIntegrationTest", "Tests\Integration\EventIntegrationTest\EventIntegrationTest.csproj", "{897FCBB7-9615-4F9B-AD32-6E12DD5E01D2}"
EndProject
Project("{FAE04EC0-301F-11D3-BF4B-00C04F79EFBC}") = "MongoDataServices", "Infrastructure\DataServices\MongoDataServices\MongoDataServices.csproj", "{872EADF0-9137-42DC-87C9-12353D26C265}"
EndProject
Project("{FAE04EC0-301F-11D3-BF4B-00C04F79EFBC}") = "ClientLibrary", "Apps\IdentityProvider\IdentityProvider.ClientLibrary\ClientLibrary.csproj", "{DF13E321-C963-404A-AC33-7047EDBB5AC1}"
EndProject
Project("{2150E333-8FDC-42A3-9474-1A3956D46DE8}") = "Deployment", "Deployment", "{E3E0D070-D623-4D83-B8A1-D78402B40F5F}"
EndProject
Project("{2150E333-8FDC-42A3-9474-1A3956D46DE8}") = "Docker", "Docker", "{3C70DCF3-DA64-486F-A562-A8617CC66EFD}"
EndProject
Project("{FAE04EC0-301F-11D3-BF4B-00C04F79EFBC}") = "docker-compose", "Deployment\Docker\docker-compose.dcproj", "{0726C80A-F9D5-412D-85AE-FDEFB90E80C4}"
EndProject
Project("{2150E333-8FDC-42A3-9474-1A3956D46DE8}") = "TeamCity", "TeamCity", "{138BD994-9DE1-4E88-806F-E200F7A6270A}"
EndProject
Project("{2150E333-8FDC-42A3-9474-1A3956D46DE8}") = "Kub", "Kub", "{7C35777D-9CF4-4B2D-8B2F-3EF3D6D63876}"
EndProject
Project("{2150E333-8FDC-42A3-9474-1A3956D46DE8}") = "Jenkins", "Jenkins", "{8E3B91FB-0761-4923-8911-7E119C77E5B9}"
EndProject
Project("{FAE04EC0-301F-11D3-BF4B-00C04F79EFBC}") = "kub", "Deployment\Kub\kub.dcproj", "{0726C80A-F9D5-412D-85AE-FDEFB90E80C4}"
EndProject
Project("{2150E333-8FDC-42A3-9474-1A3956D46DE8}") = "SlnEnv", "SlnEnv", "{D7871F5B-B89B-4CA6-BF34-DD255BB8CFB5}"
	ProjectSection(SolutionItems) = preProject
		Directory.Build.props = Directory.Build.props
	EndProjectSection
EndProject
Project("{FAE04EC0-301F-11D3-BF4B-00C04F79EFBC}") = "ModGenerator", "Apps\ModGenerator\ModGenerator.csproj", "{D02EF94E-CFE7-4418-A8F8-709B4B7FA7DB}"
EndProject
Global
	GlobalSection(SolutionConfigurationPlatforms) = preSolution
		Debug|Any CPU = Debug|Any CPU
		Release|Any CPU = Release|Any CPU
	EndGlobalSection
	GlobalSection(ProjectConfigurationPlatforms) = postSolution
		{19C63F20-4A3E-4940-B1AD-7738FC122D8A}.Debug|Any CPU.ActiveCfg = Debug|Any CPU
		{19C63F20-4A3E-4940-B1AD-7738FC122D8A}.Debug|Any CPU.Build.0 = Debug|Any CPU
		{19C63F20-4A3E-4940-B1AD-7738FC122D8A}.Release|Any CPU.ActiveCfg = Release|Any CPU
		{19C63F20-4A3E-4940-B1AD-7738FC122D8A}.Release|Any CPU.Build.0 = Release|Any CPU
		{8CC6933E-5C8F-4A1D-A02E-649032F3106F}.Debug|Any CPU.ActiveCfg = Debug|Any CPU
		{8CC6933E-5C8F-4A1D-A02E-649032F3106F}.Debug|Any CPU.Build.0 = Debug|Any CPU
		{8CC6933E-5C8F-4A1D-A02E-649032F3106F}.Release|Any CPU.ActiveCfg = Release|Any CPU
		{8CC6933E-5C8F-4A1D-A02E-649032F3106F}.Release|Any CPU.Build.0 = Release|Any CPU
		{1401F1B2-2644-4B78-B399-BFC4EA300FF4}.Debug|Any CPU.ActiveCfg = Debug|Any CPU
		{1401F1B2-2644-4B78-B399-BFC4EA300FF4}.Debug|Any CPU.Build.0 = Debug|Any CPU
		{1401F1B2-2644-4B78-B399-BFC4EA300FF4}.Release|Any CPU.ActiveCfg = Release|Any CPU
		{1401F1B2-2644-4B78-B399-BFC4EA300FF4}.Release|Any CPU.Build.0 = Release|Any CPU
		{ABC33129-0E38-4B9E-BE92-E447BC24507A}.Debug|Any CPU.ActiveCfg = Debug|Any CPU
		{ABC33129-0E38-4B9E-BE92-E447BC24507A}.Debug|Any CPU.Build.0 = Debug|Any CPU
		{ABC33129-0E38-4B9E-BE92-E447BC24507A}.Release|Any CPU.ActiveCfg = Release|Any CPU
		{ABC33129-0E38-4B9E-BE92-E447BC24507A}.Release|Any CPU.Build.0 = Release|Any CPU
		{EB555837-B3C4-48A9-BBF4-8B54BA62F1A0}.Debug|Any CPU.ActiveCfg = Debug|Any CPU
		{EB555837-B3C4-48A9-BBF4-8B54BA62F1A0}.Debug|Any CPU.Build.0 = Debug|Any CPU
		{EB555837-B3C4-48A9-BBF4-8B54BA62F1A0}.Release|Any CPU.ActiveCfg = Release|Any CPU
		{EB555837-B3C4-48A9-BBF4-8B54BA62F1A0}.Release|Any CPU.Build.0 = Release|Any CPU
		{A58882A6-AAE2-4801-BAD5-EDCA5767C6A1}.Debug|Any CPU.ActiveCfg = Debug|Any CPU
		{A58882A6-AAE2-4801-BAD5-EDCA5767C6A1}.Debug|Any CPU.Build.0 = Debug|Any CPU
		{A58882A6-AAE2-4801-BAD5-EDCA5767C6A1}.Release|Any CPU.ActiveCfg = Release|Any CPU
		{A58882A6-AAE2-4801-BAD5-EDCA5767C6A1}.Release|Any CPU.Build.0 = Release|Any CPU
		{0F74478F-EFEA-4666-86AE-62ED6021F57D}.Debug|Any CPU.ActiveCfg = Debug|Any CPU
		{0F74478F-EFEA-4666-86AE-62ED6021F57D}.Debug|Any CPU.Build.0 = Debug|Any CPU
		{0F74478F-EFEA-4666-86AE-62ED6021F57D}.Release|Any CPU.ActiveCfg = Release|Any CPU
		{0F74478F-EFEA-4666-86AE-62ED6021F57D}.Release|Any CPU.Build.0 = Release|Any CPU
		{9895115C-EE79-4061-AA7E-3B64E5A46564}.Debug|Any CPU.ActiveCfg = Debug|Any CPU
		{9895115C-EE79-4061-AA7E-3B64E5A46564}.Debug|Any CPU.Build.0 = Debug|Any CPU
		{9895115C-EE79-4061-AA7E-3B64E5A46564}.Release|Any CPU.ActiveCfg = Release|Any CPU
		{9895115C-EE79-4061-AA7E-3B64E5A46564}.Release|Any CPU.Build.0 = Release|Any CPU
		{F009D5AF-CBED-43AA-9D4D-28BEF851CE04}.Debug|Any CPU.ActiveCfg = Debug|Any CPU
		{F009D5AF-CBED-43AA-9D4D-28BEF851CE04}.Debug|Any CPU.Build.0 = Debug|Any CPU
		{F009D5AF-CBED-43AA-9D4D-28BEF851CE04}.Release|Any CPU.ActiveCfg = Release|Any CPU
		{F009D5AF-CBED-43AA-9D4D-28BEF851CE04}.Release|Any CPU.Build.0 = Release|Any CPU
		{B487C548-1809-4B7A-9220-74B20A3F65E8}.Debug|Any CPU.ActiveCfg = Debug|Any CPU
		{B487C548-1809-4B7A-9220-74B20A3F65E8}.Debug|Any CPU.Build.0 = Debug|Any CPU
		{B487C548-1809-4B7A-9220-74B20A3F65E8}.Release|Any CPU.ActiveCfg = Release|Any CPU
		{B487C548-1809-4B7A-9220-74B20A3F65E8}.Release|Any CPU.Build.0 = Release|Any CPU
		{F64DF75D-393B-4673-83BB-D2F36C0678B0}.Debug|Any CPU.ActiveCfg = Debug|Any CPU
		{F64DF75D-393B-4673-83BB-D2F36C0678B0}.Debug|Any CPU.Build.0 = Debug|Any CPU
		{F64DF75D-393B-4673-83BB-D2F36C0678B0}.Release|Any CPU.ActiveCfg = Release|Any CPU
		{F64DF75D-393B-4673-83BB-D2F36C0678B0}.Release|Any CPU.Build.0 = Release|Any CPU
		{8058CAE7-DFAF-44EF-AA49-C16FC1F18BEA}.Debug|Any CPU.ActiveCfg = Debug|Any CPU
		{8058CAE7-DFAF-44EF-AA49-C16FC1F18BEA}.Debug|Any CPU.Build.0 = Debug|Any CPU
		{8058CAE7-DFAF-44EF-AA49-C16FC1F18BEA}.Release|Any CPU.ActiveCfg = Release|Any CPU
		{8058CAE7-DFAF-44EF-AA49-C16FC1F18BEA}.Release|Any CPU.Build.0 = Release|Any CPU
		{59CD0485-0295-4B80-804B-0868E18E9ADC}.Debug|Any CPU.ActiveCfg = Debug|Any CPU
		{59CD0485-0295-4B80-804B-0868E18E9ADC}.Debug|Any CPU.Build.0 = Debug|Any CPU
		{59CD0485-0295-4B80-804B-0868E18E9ADC}.Release|Any CPU.ActiveCfg = Release|Any CPU
		{59CD0485-0295-4B80-804B-0868E18E9ADC}.Release|Any CPU.Build.0 = Release|Any CPU
		{B2E69508-1FB9-4EDB-BA35-AA9D211DC11D}.Debug|Any CPU.ActiveCfg = Debug|Any CPU
		{B2E69508-1FB9-4EDB-BA35-AA9D211DC11D}.Debug|Any CPU.Build.0 = Debug|Any CPU
		{B2E69508-1FB9-4EDB-BA35-AA9D211DC11D}.Release|Any CPU.ActiveCfg = Release|Any CPU
		{B2E69508-1FB9-4EDB-BA35-AA9D211DC11D}.Release|Any CPU.Build.0 = Release|Any CPU
		{89312DB3-D46A-4D66-AC79-32AE1F37C7CD}.Debug|Any CPU.ActiveCfg = Debug|Any CPU
		{89312DB3-D46A-4D66-AC79-32AE1F37C7CD}.Debug|Any CPU.Build.0 = Debug|Any CPU
		{89312DB3-D46A-4D66-AC79-32AE1F37C7CD}.Release|Any CPU.ActiveCfg = Release|Any CPU
		{89312DB3-D46A-4D66-AC79-32AE1F37C7CD}.Release|Any CPU.Build.0 = Release|Any CPU
		{AABFF660-DB8C-4D5C-BF39-21C6EE77A13F}.Debug|Any CPU.ActiveCfg = Debug|Any CPU
		{AABFF660-DB8C-4D5C-BF39-21C6EE77A13F}.Debug|Any CPU.Build.0 = Debug|Any CPU
		{AABFF660-DB8C-4D5C-BF39-21C6EE77A13F}.Release|Any CPU.ActiveCfg = Release|Any CPU
		{AABFF660-DB8C-4D5C-BF39-21C6EE77A13F}.Release|Any CPU.Build.0 = Release|Any CPU
		{4041ED99-4B66-405F-B837-A9A6FCE2E9C4}.Debug|Any CPU.ActiveCfg = Debug|Any CPU
		{4041ED99-4B66-405F-B837-A9A6FCE2E9C4}.Debug|Any CPU.Build.0 = Debug|Any CPU
		{4041ED99-4B66-405F-B837-A9A6FCE2E9C4}.Release|Any CPU.ActiveCfg = Release|Any CPU
		{4041ED99-4B66-405F-B837-A9A6FCE2E9C4}.Release|Any CPU.Build.0 = Release|Any CPU
		{505073AE-885B-4201-B47C-AC868CA372BC}.Debug|Any CPU.ActiveCfg = Debug|Any CPU
		{505073AE-885B-4201-B47C-AC868CA372BC}.Debug|Any CPU.Build.0 = Debug|Any CPU
		{505073AE-885B-4201-B47C-AC868CA372BC}.Release|Any CPU.ActiveCfg = Release|Any CPU
		{505073AE-885B-4201-B47C-AC868CA372BC}.Release|Any CPU.Build.0 = Release|Any CPU
		{0DCFD9B5-7C78-440E-99CB-E283E07CF330}.Debug|Any CPU.ActiveCfg = Debug|Any CPU
		{0DCFD9B5-7C78-440E-99CB-E283E07CF330}.Debug|Any CPU.Build.0 = Debug|Any CPU
		{0DCFD9B5-7C78-440E-99CB-E283E07CF330}.Release|Any CPU.ActiveCfg = Release|Any CPU
		{0DCFD9B5-7C78-440E-99CB-E283E07CF330}.Release|Any CPU.Build.0 = Release|Any CPU
		{AE6DBE7C-40A0-4ECD-B98D-C32AA35F3B44}.Debug|Any CPU.ActiveCfg = Debug|Any CPU
		{AE6DBE7C-40A0-4ECD-B98D-C32AA35F3B44}.Debug|Any CPU.Build.0 = Debug|Any CPU
		{AE6DBE7C-40A0-4ECD-B98D-C32AA35F3B44}.Release|Any CPU.ActiveCfg = Release|Any CPU
		{AE6DBE7C-40A0-4ECD-B98D-C32AA35F3B44}.Release|Any CPU.Build.0 = Release|Any CPU
		{F0075FC8-8110-4077-8DF3-1639193D4A6C}.Debug|Any CPU.ActiveCfg = Debug|Any CPU
		{F0075FC8-8110-4077-8DF3-1639193D4A6C}.Debug|Any CPU.Build.0 = Debug|Any CPU
		{F0075FC8-8110-4077-8DF3-1639193D4A6C}.Release|Any CPU.ActiveCfg = Release|Any CPU
		{F0075FC8-8110-4077-8DF3-1639193D4A6C}.Release|Any CPU.Build.0 = Release|Any CPU
		{C1D03905-01BD-49D8-8F9B-98541754E5B2}.Debug|Any CPU.ActiveCfg = Debug|Any CPU
		{C1D03905-01BD-49D8-8F9B-98541754E5B2}.Debug|Any CPU.Build.0 = Debug|Any CPU
		{C1D03905-01BD-49D8-8F9B-98541754E5B2}.Release|Any CPU.ActiveCfg = Release|Any CPU
		{C1D03905-01BD-49D8-8F9B-98541754E5B2}.Release|Any CPU.Build.0 = Release|Any CPU
		{A5258CE1-01BF-4B7F-9777-A83C5010521B}.Debug|Any CPU.ActiveCfg = Debug|Any CPU
		{A5258CE1-01BF-4B7F-9777-A83C5010521B}.Debug|Any CPU.Build.0 = Debug|Any CPU
		{A5258CE1-01BF-4B7F-9777-A83C5010521B}.Release|Any CPU.ActiveCfg = Release|Any CPU
		{A5258CE1-01BF-4B7F-9777-A83C5010521B}.Release|Any CPU.Build.0 = Release|Any CPU
		{4F25FBB4-FB28-4343-A0B9-217D9B84BDF1}.Debug|Any CPU.ActiveCfg = Debug|Any CPU
		{4F25FBB4-FB28-4343-A0B9-217D9B84BDF1}.Debug|Any CPU.Build.0 = Debug|Any CPU
		{4F25FBB4-FB28-4343-A0B9-217D9B84BDF1}.Release|Any CPU.ActiveCfg = Release|Any CPU
		{4F25FBB4-FB28-4343-A0B9-217D9B84BDF1}.Release|Any CPU.Build.0 = Release|Any CPU
		{FFA1FAA1-D83C-49FC-B325-214822D3CDBC}.Debug|Any CPU.ActiveCfg = Debug|Any CPU
		{FFA1FAA1-D83C-49FC-B325-214822D3CDBC}.Debug|Any CPU.Build.0 = Debug|Any CPU
		{FFA1FAA1-D83C-49FC-B325-214822D3CDBC}.Release|Any CPU.ActiveCfg = Release|Any CPU
		{FFA1FAA1-D83C-49FC-B325-214822D3CDBC}.Release|Any CPU.Build.0 = Release|Any CPU
		{74931C80-399D-4C79-BDB5-86CD3165815C}.Debug|Any CPU.ActiveCfg = Debug|Any CPU
		{74931C80-399D-4C79-BDB5-86CD3165815C}.Debug|Any CPU.Build.0 = Debug|Any CPU
		{74931C80-399D-4C79-BDB5-86CD3165815C}.Release|Any CPU.ActiveCfg = Release|Any CPU
		{74931C80-399D-4C79-BDB5-86CD3165815C}.Release|Any CPU.Build.0 = Release|Any CPU
		{69F19231-FAFC-4514-ACE1-9F5D9187FD02}.Debug|Any CPU.ActiveCfg = Debug|Any CPU
		{69F19231-FAFC-4514-ACE1-9F5D9187FD02}.Debug|Any CPU.Build.0 = Debug|Any CPU
		{69F19231-FAFC-4514-ACE1-9F5D9187FD02}.Release|Any CPU.ActiveCfg = Release|Any CPU
		{69F19231-FAFC-4514-ACE1-9F5D9187FD02}.Release|Any CPU.Build.0 = Release|Any CPU
		{4406B416-9634-483F-9E94-20E645CD2D3F}.Debug|Any CPU.ActiveCfg = Debug|Any CPU
		{4406B416-9634-483F-9E94-20E645CD2D3F}.Debug|Any CPU.Build.0 = Debug|Any CPU
		{4406B416-9634-483F-9E94-20E645CD2D3F}.Release|Any CPU.ActiveCfg = Release|Any CPU
		{4406B416-9634-483F-9E94-20E645CD2D3F}.Release|Any CPU.Build.0 = Release|Any CPU
		{8F488F19-8FC8-460B-BACC-63E09070CC80}.Debug|Any CPU.ActiveCfg = Debug|Any CPU
		{8F488F19-8FC8-460B-BACC-63E09070CC80}.Debug|Any CPU.Build.0 = Debug|Any CPU
		{8F488F19-8FC8-460B-BACC-63E09070CC80}.Release|Any CPU.ActiveCfg = Release|Any CPU
		{8F488F19-8FC8-460B-BACC-63E09070CC80}.Release|Any CPU.Build.0 = Release|Any CPU
		{F79B6EC6-3982-4B74-B8B4-FBE7138C5AC6}.Debug|Any CPU.ActiveCfg = Debug|Any CPU
		{F79B6EC6-3982-4B74-B8B4-FBE7138C5AC6}.Debug|Any CPU.Build.0 = Debug|Any CPU
		{F79B6EC6-3982-4B74-B8B4-FBE7138C5AC6}.Release|Any CPU.ActiveCfg = Release|Any CPU
		{F79B6EC6-3982-4B74-B8B4-FBE7138C5AC6}.Release|Any CPU.Build.0 = Release|Any CPU
		{480D8975-C7B0-489B-8402-EBA06BA8AB94}.Debug|Any CPU.ActiveCfg = Debug|Any CPU
		{480D8975-C7B0-489B-8402-EBA06BA8AB94}.Debug|Any CPU.Build.0 = Debug|Any CPU
		{480D8975-C7B0-489B-8402-EBA06BA8AB94}.Release|Any CPU.ActiveCfg = Release|Any CPU
		{480D8975-C7B0-489B-8402-EBA06BA8AB94}.Release|Any CPU.Build.0 = Release|Any CPU
		{0EC9F0A2-7535-4D37-8035-D8110FF9A3EF}.Debug|Any CPU.ActiveCfg = Debug|Any CPU
		{0EC9F0A2-7535-4D37-8035-D8110FF9A3EF}.Debug|Any CPU.Build.0 = Debug|Any CPU
		{0EC9F0A2-7535-4D37-8035-D8110FF9A3EF}.Release|Any CPU.ActiveCfg = Release|Any CPU
		{0EC9F0A2-7535-4D37-8035-D8110FF9A3EF}.Release|Any CPU.Build.0 = Release|Any CPU
		{C81374E2-0BCF-4D12-A7A4-1CE8DA76ACC7}.Debug|Any CPU.ActiveCfg = Debug|Any CPU
		{C81374E2-0BCF-4D12-A7A4-1CE8DA76ACC7}.Debug|Any CPU.Build.0 = Debug|Any CPU
		{C81374E2-0BCF-4D12-A7A4-1CE8DA76ACC7}.Release|Any CPU.ActiveCfg = Release|Any CPU
		{C81374E2-0BCF-4D12-A7A4-1CE8DA76ACC7}.Release|Any CPU.Build.0 = Release|Any CPU
		{EB075AD0-F6FC-4516-A5C8-FE831AF3A514}.Debug|Any CPU.ActiveCfg = Debug|Any CPU
		{EB075AD0-F6FC-4516-A5C8-FE831AF3A514}.Debug|Any CPU.Build.0 = Debug|Any CPU
		{EB075AD0-F6FC-4516-A5C8-FE831AF3A514}.Release|Any CPU.ActiveCfg = Release|Any CPU
		{EB075AD0-F6FC-4516-A5C8-FE831AF3A514}.Release|Any CPU.Build.0 = Release|Any CPU
		{3027209E-97F0-4A2C-B17E-790830142A4D}.Debug|Any CPU.ActiveCfg = Debug|Any CPU
		{3027209E-97F0-4A2C-B17E-790830142A4D}.Debug|Any CPU.Build.0 = Debug|Any CPU
		{3027209E-97F0-4A2C-B17E-790830142A4D}.Release|Any CPU.ActiveCfg = Release|Any CPU
		{3027209E-97F0-4A2C-B17E-790830142A4D}.Release|Any CPU.Build.0 = Release|Any CPU
		{4E22C02F-2748-4744-AE7E-DA79A19687BC}.Debug|Any CPU.ActiveCfg = Debug|Any CPU
		{4E22C02F-2748-4744-AE7E-DA79A19687BC}.Debug|Any CPU.Build.0 = Debug|Any CPU
		{4E22C02F-2748-4744-AE7E-DA79A19687BC}.Release|Any CPU.ActiveCfg = Release|Any CPU
		{4E22C02F-2748-4744-AE7E-DA79A19687BC}.Release|Any CPU.Build.0 = Release|Any CPU
		{6663755B-A831-4BB1-B73C-9DD945B1AB55}.Debug|Any CPU.ActiveCfg = Debug|Any CPU
		{6663755B-A831-4BB1-B73C-9DD945B1AB55}.Debug|Any CPU.Build.0 = Debug|Any CPU
		{6663755B-A831-4BB1-B73C-9DD945B1AB55}.Release|Any CPU.ActiveCfg = Release|Any CPU
		{6663755B-A831-4BB1-B73C-9DD945B1AB55}.Release|Any CPU.Build.0 = Release|Any CPU
		{3D9E2D7D-105E-4D42-8C7B-E97ACFD1A1A2}.Debug|Any CPU.ActiveCfg = Debug|Any CPU
		{3D9E2D7D-105E-4D42-8C7B-E97ACFD1A1A2}.Debug|Any CPU.Build.0 = Debug|Any CPU
		{3D9E2D7D-105E-4D42-8C7B-E97ACFD1A1A2}.Release|Any CPU.ActiveCfg = Release|Any CPU
		{3D9E2D7D-105E-4D42-8C7B-E97ACFD1A1A2}.Release|Any CPU.Build.0 = Release|Any CPU
		{897FCBB7-9615-4F9B-AD32-6E12DD5E01D2}.Debug|Any CPU.ActiveCfg = Debug|Any CPU
		{897FCBB7-9615-4F9B-AD32-6E12DD5E01D2}.Debug|Any CPU.Build.0 = Debug|Any CPU
		{897FCBB7-9615-4F9B-AD32-6E12DD5E01D2}.Release|Any CPU.ActiveCfg = Release|Any CPU
		{897FCBB7-9615-4F9B-AD32-6E12DD5E01D2}.Release|Any CPU.Build.0 = Release|Any CPU
		{872EADF0-9137-42DC-87C9-12353D26C265}.Debug|Any CPU.ActiveCfg = Debug|Any CPU
		{872EADF0-9137-42DC-87C9-12353D26C265}.Debug|Any CPU.Build.0 = Debug|Any CPU
		{872EADF0-9137-42DC-87C9-12353D26C265}.Release|Any CPU.ActiveCfg = Release|Any CPU
		{872EADF0-9137-42DC-87C9-12353D26C265}.Release|Any CPU.Build.0 = Release|Any CPU
		{DF13E321-C963-404A-AC33-7047EDBB5AC1}.Debug|Any CPU.ActiveCfg = Debug|Any CPU
		{DF13E321-C963-404A-AC33-7047EDBB5AC1}.Debug|Any CPU.Build.0 = Debug|Any CPU
		{DF13E321-C963-404A-AC33-7047EDBB5AC1}.Release|Any CPU.ActiveCfg = Release|Any CPU
		{DF13E321-C963-404A-AC33-7047EDBB5AC1}.Release|Any CPU.Build.0 = Release|Any CPU
		{D02EF94E-CFE7-4418-A8F8-709B4B7FA7DB}.Debug|Any CPU.ActiveCfg = Debug|Any CPU
		{D02EF94E-CFE7-4418-A8F8-709B4B7FA7DB}.Debug|Any CPU.Build.0 = Debug|Any CPU
		{D02EF94E-CFE7-4418-A8F8-709B4B7FA7DB}.Release|Any CPU.ActiveCfg = Release|Any CPU
		{D02EF94E-CFE7-4418-A8F8-709B4B7FA7DB}.Release|Any CPU.Build.0 = Release|Any CPU
	EndGlobalSection
	GlobalSection(SolutionProperties) = preSolution
		HideSolutionNode = FALSE
	EndGlobalSection
	GlobalSection(NestedProjects) = preSolution
		{19C63F20-4A3E-4940-B1AD-7738FC122D8A} = {5B60B5A2-B1FB-4DF1-8CE3-95C12617276F}
		{8CC6933E-5C8F-4A1D-A02E-649032F3106F} = {B717C5FC-1805-444C-B738-8A60E36AB082}
		{B717C5FC-1805-444C-B738-8A60E36AB082} = {BD40DC83-A430-4EDE-A10E-B140AB41262C}
		{1401F1B2-2644-4B78-B399-BFC4EA300FF4} = {DBC49839-EE99-46F5-93B6-5EEC62C622EB}
		{ABC33129-0E38-4B9E-BE92-E447BC24507A} = {FFCA0B17-8EE4-4FE0-8735-CD77E7426268}
		{EB555837-B3C4-48A9-BBF4-8B54BA62F1A0} = {FFCA0B17-8EE4-4FE0-8735-CD77E7426268}
		{35D1103F-1844-40BF-9034-ED54CD2A4553} = {56CD8604-3621-41CD-80A9-41BC131FBF82}
		{1950A7EB-C866-4978-9F9C-FFAB5A8AB217} = {56CD8604-3621-41CD-80A9-41BC131FBF82}
		{A58882A6-AAE2-4801-BAD5-EDCA5767C6A1} = {1950A7EB-C866-4978-9F9C-FFAB5A8AB217}
		{0F74478F-EFEA-4666-86AE-62ED6021F57D} = {B717C5FC-1805-444C-B738-8A60E36AB082}
		{9895115C-EE79-4061-AA7E-3B64E5A46564} = {B717C5FC-1805-444C-B738-8A60E36AB082}
		{F009D5AF-CBED-43AA-9D4D-28BEF851CE04} = {B717C5FC-1805-444C-B738-8A60E36AB082}
		{31D9BC59-2D5A-4591-9D27-8BF17952562C} = {BD40DC83-A430-4EDE-A10E-B140AB41262C}
		{B487C548-1809-4B7A-9220-74B20A3F65E8} = {31D9BC59-2D5A-4591-9D27-8BF17952562C}
		{F64DF75D-393B-4673-83BB-D2F36C0678B0} = {31D9BC59-2D5A-4591-9D27-8BF17952562C}
		{8058CAE7-DFAF-44EF-AA49-C16FC1F18BEA} = {31D9BC59-2D5A-4591-9D27-8BF17952562C}
		{59CD0485-0295-4B80-804B-0868E18E9ADC} = {31D9BC59-2D5A-4591-9D27-8BF17952562C}
		{D3422CF3-ED12-49F9-8B33-C505674B5588} = {BD40DC83-A430-4EDE-A10E-B140AB41262C}
		{B2E69508-1FB9-4EDB-BA35-AA9D211DC11D} = {DBC49839-EE99-46F5-93B6-5EEC62C622EB}
		{4241BC62-EDEA-4D44-BE6B-0A481C0F51F1} = {BD40DC83-A430-4EDE-A10E-B140AB41262C}
		{89312DB3-D46A-4D66-AC79-32AE1F37C7CD} = {A2AD73BD-E0E0-4270-A4DA-7C57106855D9}
		{AABFF660-DB8C-4D5C-BF39-21C6EE77A13F} = {A2AD73BD-E0E0-4270-A4DA-7C57106855D9}
		{4041ED99-4B66-405F-B837-A9A6FCE2E9C4} = {A2AD73BD-E0E0-4270-A4DA-7C57106855D9}
		{505073AE-885B-4201-B47C-AC868CA372BC} = {A2AD73BD-E0E0-4270-A4DA-7C57106855D9}
		{0DCFD9B5-7C78-440E-99CB-E283E07CF330} = {5B60B5A2-B1FB-4DF1-8CE3-95C12617276F}
		{AE6DBE7C-40A0-4ECD-B98D-C32AA35F3B44} = {DBC49839-EE99-46F5-93B6-5EEC62C622EB}
		{F0075FC8-8110-4077-8DF3-1639193D4A6C} = {2FEAD054-6C88-4CDF-A32C-34BB52CAE6D7}
		{C1D03905-01BD-49D8-8F9B-98541754E5B2} = {2FEAD054-6C88-4CDF-A32C-34BB52CAE6D7}
		{A2AD73BD-E0E0-4270-A4DA-7C57106855D9} = {BD40DC83-A430-4EDE-A10E-B140AB41262C}
		{4F25FBB4-FB28-4343-A0B9-217D9B84BDF1} = {B717C5FC-1805-444C-B738-8A60E36AB082}
		{FFA1FAA1-D83C-49FC-B325-214822D3CDBC} = {5B60B5A2-B1FB-4DF1-8CE3-95C12617276F}
		{74931C80-399D-4C79-BDB5-86CD3165815C} = {5F28A828-E427-4F6E-BF99-7B42746B0051}
		{69F19231-FAFC-4514-ACE1-9F5D9187FD02} = {DBC49839-EE99-46F5-93B6-5EEC62C622EB}
		{4406B416-9634-483F-9E94-20E645CD2D3F} = {B717C5FC-1805-444C-B738-8A60E36AB082}
		{8F488F19-8FC8-460B-BACC-63E09070CC80} = {A2AD73BD-E0E0-4270-A4DA-7C57106855D9}
		{F79B6EC6-3982-4B74-B8B4-FBE7138C5AC6} = {31D9BC59-2D5A-4591-9D27-8BF17952562C}
		{480D8975-C7B0-489B-8402-EBA06BA8AB94} = {31D9BC59-2D5A-4591-9D27-8BF17952562C}
		{9CBAD9CA-2CF0-457C-99BF-F0162D16D388} = {FFCA0B17-8EE4-4FE0-8735-CD77E7426268}
		{0EC9F0A2-7535-4D37-8035-D8110FF9A3EF} = {9CBAD9CA-2CF0-457C-99BF-F0162D16D388}
		{9E60E35A-76E8-4986-84B3-DCF4B44DBCA2} = {44B4D43F-D349-43D3-BC12-5CB60C0AF5DD}
		{64300116-8FEB-4A8F-BD7D-8C5583E752D5} = {44B4D43F-D349-43D3-BC12-5CB60C0AF5DD}
		{7BFF4D7E-655B-4A2C-A229-8214D6E3D0BF} = {44B4D43F-D349-43D3-BC12-5CB60C0AF5DD}
		{3027209E-97F0-4A2C-B17E-790830142A4D} = {5F28A828-E427-4F6E-BF99-7B42746B0051}
		{EB075AD0-F6FC-4516-A5C8-FE831AF3A514} = {9E60E35A-76E8-4986-84B3-DCF4B44DBCA2}
		{4E22C02F-2748-4744-AE7E-DA79A19687BC} = {A44F00BD-7771-4A9D-B181-561F7A35CA7B}
		{C81374E2-0BCF-4D12-A7A4-1CE8DA76ACC7} = {64300116-8FEB-4A8F-BD7D-8C5583E752D5}
		{6663755B-A831-4BB1-B73C-9DD945B1AB55} = {7BFF4D7E-655B-4A2C-A229-8214D6E3D0BF}
		{3D9E2D7D-105E-4D42-8C7B-E97ACFD1A1A2} = {5125A2CB-631C-4E90-BE05-E02DBF64AAF9}
		{897FCBB7-9615-4F9B-AD32-6E12DD5E01D2} = {1950A7EB-C866-4978-9F9C-FFAB5A8AB217}
		{872EADF0-9137-42DC-87C9-12353D26C265} = {9CBAD9CA-2CF0-457C-99BF-F0162D16D388}
		{2FEAD054-6C88-4CDF-A32C-34BB52CAE6D7} = {5F28A828-E427-4F6E-BF99-7B42746B0051}
		{A5258CE1-01BF-4B7F-9777-A83C5010521B} = {2FEAD054-6C88-4CDF-A32C-34BB52CAE6D7}
		{DF13E321-C963-404A-AC33-7047EDBB5AC1} = {2FEAD054-6C88-4CDF-A32C-34BB52CAE6D7}
		{3C70DCF3-DA64-486F-A562-A8617CC66EFD} = {E3E0D070-D623-4D83-B8A1-D78402B40F5F}
		{138BD994-9DE1-4E88-806F-E200F7A6270A} = {E3E0D070-D623-4D83-B8A1-D78402B40F5F}
		{7C35777D-9CF4-4B2D-8B2F-3EF3D6D63876} = {E3E0D070-D623-4D83-B8A1-D78402B40F5F}
		{8E3B91FB-0761-4923-8911-7E119C77E5B9} = {E3E0D070-D623-4D83-B8A1-D78402B40F5F}
		{0726C80A-F9D5-412D-85AE-FDEFB90E80C4} = {3C70DCF3-DA64-486F-A562-A8617CC66EFD}
		{D02EF94E-CFE7-4418-A8F8-709B4B7FA7DB} = {5F28A828-E427-4F6E-BF99-7B42746B0051}
	EndGlobalSection
	GlobalSection(ExtensibilityGlobals) = postSolution
		SolutionGuid = {EEF22E60-9505-4791-B3FA-697E4DB2FE75}
	EndGlobalSection
	GlobalSection(RiderSharedRunConfigurations) = postSolution
		File = Enpoints\rest-api _ #1.run.xml
	EndGlobalSection
EndGlobal
